// !$*UTF8*$!
{
	archiveVersion = 1;
	classes = {
	};
	objectVersion = 56;
	objects = {

/* Begin PBXBuildFile section */
		DE9AF9312B7851F700D1F4DC /* ImportTransactionsView.swift in Sources */ = {isa = PBXBuildFile; fileRef = DE9AF9302B7851F700D1F4DC /* ImportTransactionsView.swift */; };
		DE9AF9B52BA2C4AF00D1F4DC /* PieChartView.swift in Sources */ = {isa = PBXBuildFile; fileRef = DE9AF9B42BA2C4AF00D1F4DC /* PieChartView.swift */; };
		DEF3CAE62B61BB9300C926ED /* MulaApp.swift in Sources */ = {isa = PBXBuildFile; fileRef = DEF3CAE52B61BB9300C926ED /* MulaApp.swift */; };
		DEF3CAE82B61BB9300C926ED /* ContentView.swift in Sources */ = {isa = PBXBuildFile; fileRef = DEF3CAE72B61BB9300C926ED /* ContentView.swift */; };
		DEF3CAEA2B61BB9500C926ED /* Assets.xcassets in Resources */ = {isa = PBXBuildFile; fileRef = DEF3CAE92B61BB9500C926ED /* Assets.xcassets */; };
		DEF3CAED2B61BB9500C926ED /* Preview Assets.xcassets in Resources */ = {isa = PBXBuildFile; fileRef = DEF3CAEC2B61BB9500C926ED /* Preview Assets.xcassets */; };
		DEF8FE1C2B6B989A00D10468 /* Extensions.swift in Sources */ = {isa = PBXBuildFile; fileRef = DEF8FE1B2B6B989A00D10468 /* Extensions.swift */; };
		E253C8F02C4C74D100739FAD /* TransactionView.swift in Sources */ = {isa = PBXBuildFile; fileRef = E253C8EF2C4C74D100739FAD /* TransactionView.swift */; };
		E253C8F62C4C98EA00739FAD /* Constants.swift in Sources */ = {isa = PBXBuildFile; fileRef = E253C8F42C4C98E700739FAD /* Constants.swift */; };
		E253C9112C61D5B100739FAD /* SignInView.swift in Sources */ = {isa = PBXBuildFile; fileRef = E253C9102C61D5AC00739FAD /* SignInView.swift */; };
		E27223DE2BF9C2FE0065089A /* AccountStatement.swift in Sources */ = {isa = PBXBuildFile; fileRef = E27223DD2BF9C2FE0065089A /* AccountStatement.swift */; };
		E284D49F2C28CA8900F72684 /* ChartView.swift in Sources */ = {isa = PBXBuildFile; fileRef = E284D49E2C28CA8900F72684 /* ChartView.swift */; };
		E284D4AC2C3CF42800F72684 /* TileView.swift in Sources */ = {isa = PBXBuildFile; fileRef = E284D4AA2C3CF42800F72684 /* TileView.swift */; };
		E284D4B22C3CF44700F72684 /* Bucket.swift in Sources */ = {isa = PBXBuildFile; fileRef = E284D4B12C3CF43800F72684 /* Bucket.swift */; };
		E284D4C42C44F49A00F72684 /* FirebaseAuth in Frameworks */ = {isa = PBXBuildFile; productRef = E284D4C32C44F49A00F72684 /* FirebaseAuth */; };
		E284D4C62C44F49A00F72684 /* FirebaseDatabaseSwift in Frameworks */ = {isa = PBXBuildFile; productRef = E284D4C52C44F49A00F72684 /* FirebaseDatabaseSwift */; };
		E284D4CC2C44FDC500F72684 /* DataManager.swift in Sources */ = {isa = PBXBuildFile; fileRef = E284D4CA2C44FDC300F72684 /* DataManager.swift */; };
		E2866C2A2F07574800DB6CE3 /* TransactionDetailView.swift in Sources */ = {isa = PBXBuildFile; fileRef = E2866C292F07574800DB6CE3 /* TransactionDetailView.swift */; };
		E2866C2B2F07574800DB6CE3 /* DetailRow.swift in Sources */ = {isa = PBXBuildFile; fileRef = E2866C282F07574800DB6CE3 /* DetailRow.swift */; };
		E2866C332F2349B300DB6CE3 /* TrendsView.swift in Sources */ = {isa = PBXBuildFile; fileRef = E2866C322F2349B300DB6CE3 /* TrendsView.swift */; };
		E2866C352F2349C500DB6CE3 /* SpendingBarChartView.swift in Sources */ = {isa = PBXBuildFile; fileRef = E2866C342F2349C500DB6CE3 /* SpendingBarChartView.swift */; };
		E2866C372F234B3100DB6CE3 /* SpendingLineChartView.swift in Sources */ = {isa = PBXBuildFile; fileRef = E2866C362F234B3100DB6CE3 /* SpendingLineChartView.swift */; };
		E2992F832E91DDFE00E86606 /* GoogleService-Info.plist in Resources */ = {isa = PBXBuildFile; fileRef = E2992F822E91DDFE00E86606 /* GoogleService-Info.plist */; };
		E2992FB02EA2030700E86606 /* Account.swift in Sources */ = {isa = PBXBuildFile; fileRef = E2992FAF2EA2030700E86606 /* Account.swift */; };
		E2992FB22EA2036000E86606 /* AccountsSettingsView.swift in Sources */ = {isa = PBXBuildFile; fileRef = E2992FB12EA2036000E86606 /* AccountsSettingsView.swift */; };
		E2992FB42EA2036E00E86606 /* AddAccountSheet.swift in Sources */ = {isa = PBXBuildFile; fileRef = E2992FB32EA2036E00E86606 /* AddAccountSheet.swift */; };
		E2992FBB2EA205A200E86606 /* DataManager+Account.swift in Sources */ = {isa = PBXBuildFile; fileRef = E2992FBA2EA205A200E86606 /* DataManager+Account.swift */; };
		E2992FBD2EA209E900E86606 /* AccountFormView.swift in Sources */ = {isa = PBXBuildFile; fileRef = E2992FBC2EA209E900E86606 /* AccountFormView.swift */; };
		E2992FBF2EA20A1B00E86606 /* EditAccountSheet.swift in Sources */ = {isa = PBXBuildFile; fileRef = E2992FBE2EA20A1B00E86606 /* EditAccountSheet.swift */; };
		E2992FC82EA7349500E86606 /* Transaction.swift in Sources */ = {isa = PBXBuildFile; fileRef = E2992FC72EA7349500E86606 /* Transaction.swift */; };
		E2992FCC2EA7352100E86606 /* DataManager+Transaction.swift in Sources */ = {isa = PBXBuildFile; fileRef = E2992FCB2EA7352100E86606 /* DataManager+Transaction.swift */; };
		E2992FCE2EA7372900E86606 /* TransactionsView.swift in Sources */ = {isa = PBXBuildFile; fileRef = E2992FCD2EA7372900E86606 /* TransactionsView.swift */; };
		E2992FD02EA7373300E86606 /* TransactionFormView.swift in Sources */ = {isa = PBXBuildFile; fileRef = E2992FCF2EA7373300E86606 /* TransactionFormView.swift */; };
		E2992FD22EA7373900E86606 /* NewTransactionFormView.swift in Sources */ = {isa = PBXBuildFile; fileRef = E2992FD12EA7373900E86606 /* NewTransactionFormView.swift */; };
		E2992FD42EA7373E00E86606 /* EditTransactionFormView.swift in Sources */ = {isa = PBXBuildFile; fileRef = E2992FD32EA7373E00E86606 /* EditTransactionFormView.swift */; };
		E2992FD72EA7439D00E86606 /* SummaryView.swift in Sources */ = {isa = PBXBuildFile; fileRef = E2992FD62EA7439D00E86606 /* SummaryView.swift */; };
		E2992FD92EA9E6C000E86606 /* SettingsView.swift in Sources */ = {isa = PBXBuildFile; fileRef = E2992FD82EA9E6C000E86606 /* SettingsView.swift */; };
		E2992FDC2EA9E6E500E86606 /* DebugSettingsView.swift in Sources */ = {isa = PBXBuildFile; fileRef = E2992FDB2EA9E6E500E86606 /* DebugSettingsView.swift */; };
		E2992FDF2EA9EB0200E86606 /* ImportProcessor.swift in Sources */ = {isa = PBXBuildFile; fileRef = E2992FDE2EA9EB0200E86606 /* ImportProcessor.swift */; };
		E2992FE12EA9EBC900E86606 /* ImportBatch.swift in Sources */ = {isa = PBXBuildFile; fileRef = E2992FE02EA9EBC900E86606 /* ImportBatch.swift */; };
		E2992FE32EA9EC4E00E86606 /* DataManager+ImportBatch.swift in Sources */ = {isa = PBXBuildFile; fileRef = E2992FE22EA9EC4E00E86606 /* DataManager+ImportBatch.swift */; };
		E2992FE72EA9F3D500E86606 /* Bank.swift in Sources */ = {isa = PBXBuildFile; fileRef = E2992FE62EA9F3D500E86606 /* Bank.swift */; };
		E2992FE92EAF146D00E86606 /* ImportsView.swift in Sources */ = {isa = PBXBuildFile; fileRef = E2992FE82EAF146D00E86606 /* ImportsView.swift */; };
		E2992FEB2EAF39C700E86606 /* AccountsView.swift in Sources */ = {isa = PBXBuildFile; fileRef = E2992FEA2EAF39C700E86606 /* AccountsView.swift */; };
/* End PBXBuildFile section */

/* Begin PBXFileReference section */
		DE9AF9302B7851F700D1F4DC /* ImportTransactionsView.swift */ = {isa = PBXFileReference; lastKnownFileType = sourcecode.swift; path = ImportTransactionsView.swift; sourceTree = "<group>"; };
		DE9AF9B42BA2C4AF00D1F4DC /* PieChartView.swift */ = {isa = PBXFileReference; lastKnownFileType = sourcecode.swift; path = PieChartView.swift; sourceTree = "<group>"; };
		DEF3CAE22B61BB9300C926ED /* Mula.app */ = {isa = PBXFileReference; explicitFileType = wrapper.application; includeInIndex = 0; path = Mula.app; sourceTree = BUILT_PRODUCTS_DIR; };
		DEF3CAE52B61BB9300C926ED /* MulaApp.swift */ = {isa = PBXFileReference; lastKnownFileType = sourcecode.swift; path = MulaApp.swift; sourceTree = "<group>"; };
		DEF3CAE72B61BB9300C926ED /* ContentView.swift */ = {isa = PBXFileReference; lastKnownFileType = sourcecode.swift; path = ContentView.swift; sourceTree = "<group>"; };
		DEF3CAE92B61BB9500C926ED /* Assets.xcassets */ = {isa = PBXFileReference; lastKnownFileType = folder.assetcatalog; path = Assets.xcassets; sourceTree = "<group>"; };
		DEF3CAEC2B61BB9500C926ED /* Preview Assets.xcassets */ = {isa = PBXFileReference; lastKnownFileType = folder.assetcatalog; path = "Preview Assets.xcassets"; sourceTree = "<group>"; };
		DEF8FE1B2B6B989A00D10468 /* Extensions.swift */ = {isa = PBXFileReference; lastKnownFileType = sourcecode.swift; path = Extensions.swift; sourceTree = "<group>"; };
		E253C8EF2C4C74D100739FAD /* TransactionView.swift */ = {isa = PBXFileReference; lastKnownFileType = sourcecode.swift; path = TransactionView.swift; sourceTree = "<group>"; };
		E253C8F42C4C98E700739FAD /* Constants.swift */ = {isa = PBXFileReference; lastKnownFileType = sourcecode.swift; path = Constants.swift; sourceTree = "<group>"; };
		E253C9102C61D5AC00739FAD /* SignInView.swift */ = {isa = PBXFileReference; lastKnownFileType = sourcecode.swift; path = SignInView.swift; sourceTree = "<group>"; };
		E27223DD2BF9C2FE0065089A /* AccountStatement.swift */ = {isa = PBXFileReference; lastKnownFileType = sourcecode.swift; path = AccountStatement.swift; sourceTree = "<group>"; };
		E284D49E2C28CA8900F72684 /* ChartView.swift */ = {isa = PBXFileReference; lastKnownFileType = sourcecode.swift; path = ChartView.swift; sourceTree = "<group>"; };
		E284D4AA2C3CF42800F72684 /* TileView.swift */ = {isa = PBXFileReference; lastKnownFileType = sourcecode.swift; path = TileView.swift; sourceTree = "<group>"; };
		E284D4B12C3CF43800F72684 /* Bucket.swift */ = {isa = PBXFileReference; lastKnownFileType = sourcecode.swift; path = Bucket.swift; sourceTree = "<group>"; };
		E284D4CA2C44FDC300F72684 /* DataManager.swift */ = {isa = PBXFileReference; lastKnownFileType = sourcecode.swift; path = DataManager.swift; sourceTree = "<group>"; };
		E2866C282F07574800DB6CE3 /* DetailRow.swift */ = {isa = PBXFileReference; lastKnownFileType = sourcecode.swift; path = DetailRow.swift; sourceTree = "<group>"; };
		E2866C292F07574800DB6CE3 /* TransactionDetailView.swift */ = {isa = PBXFileReference; lastKnownFileType = sourcecode.swift; path = TransactionDetailView.swift; sourceTree = "<group>"; };
		E2866C322F2349B300DB6CE3 /* TrendsView.swift */ = {isa = PBXFileReference; lastKnownFileType = sourcecode.swift; path = TrendsView.swift; sourceTree = "<group>"; };
		E2866C342F2349C500DB6CE3 /* SpendingBarChartView.swift */ = {isa = PBXFileReference; lastKnownFileType = sourcecode.swift; path = SpendingBarChartView.swift; sourceTree = "<group>"; };
		E2866C362F234B3100DB6CE3 /* SpendingLineChartView.swift */ = {isa = PBXFileReference; lastKnownFileType = sourcecode.swift; path = SpendingLineChartView.swift; sourceTree = "<group>"; };
		E2992F812E91DC4400E86606 /* Mula.entitlements */ = {isa = PBXFileReference; lastKnownFileType = text.plist.entitlements; path = Mula.entitlements; sourceTree = "<group>"; };
		E2992F822E91DDFE00E86606 /* GoogleService-Info.plist */ = {isa = PBXFileReference; lastKnownFileType = text.plist.xml; path = "GoogleService-Info.plist"; sourceTree = "<group>"; };
		E2992FAF2EA2030700E86606 /* Account.swift */ = {isa = PBXFileReference; lastKnownFileType = sourcecode.swift; path = Account.swift; sourceTree = "<group>"; };
		E2992FB12EA2036000E86606 /* AccountsSettingsView.swift */ = {isa = PBXFileReference; lastKnownFileType = sourcecode.swift; path = AccountsSettingsView.swift; sourceTree = "<group>"; };
		E2992FB32EA2036E00E86606 /* AddAccountSheet.swift */ = {isa = PBXFileReference; lastKnownFileType = sourcecode.swift; path = AddAccountSheet.swift; sourceTree = "<group>"; };
		E2992FBA2EA205A200E86606 /* DataManager+Account.swift */ = {isa = PBXFileReference; lastKnownFileType = sourcecode.swift; path = "DataManager+Account.swift"; sourceTree = "<group>"; };
		E2992FBC2EA209E900E86606 /* AccountFormView.swift */ = {isa = PBXFileReference; lastKnownFileType = sourcecode.swift; path = AccountFormView.swift; sourceTree = "<group>"; };
		E2992FBE2EA20A1B00E86606 /* EditAccountSheet.swift */ = {isa = PBXFileReference; lastKnownFileType = sourcecode.swift; path = EditAccountSheet.swift; sourceTree = "<group>"; };
		E2992FC72EA7349500E86606 /* Transaction.swift */ = {isa = PBXFileReference; lastKnownFileType = sourcecode.swift; path = Transaction.swift; sourceTree = "<group>"; };
		E2992FCB2EA7352100E86606 /* DataManager+Transaction.swift */ = {isa = PBXFileReference; lastKnownFileType = sourcecode.swift; path = "DataManager+Transaction.swift"; sourceTree = "<group>"; };
		E2992FCD2EA7372900E86606 /* TransactionsView.swift */ = {isa = PBXFileReference; lastKnownFileType = sourcecode.swift; path = TransactionsView.swift; sourceTree = "<group>"; };
		E2992FCF2EA7373300E86606 /* TransactionFormView.swift */ = {isa = PBXFileReference; lastKnownFileType = sourcecode.swift; path = TransactionFormView.swift; sourceTree = "<group>"; };
		E2992FD12EA7373900E86606 /* NewTransactionFormView.swift */ = {isa = PBXFileReference; lastKnownFileType = sourcecode.swift; path = NewTransactionFormView.swift; sourceTree = "<group>"; };
		E2992FD32EA7373E00E86606 /* EditTransactionFormView.swift */ = {isa = PBXFileReference; lastKnownFileType = sourcecode.swift; path = EditTransactionFormView.swift; sourceTree = "<group>"; };
		E2992FD62EA7439D00E86606 /* SummaryView.swift */ = {isa = PBXFileReference; lastKnownFileType = sourcecode.swift; path = SummaryView.swift; sourceTree = "<group>"; };
		E2992FD82EA9E6C000E86606 /* SettingsView.swift */ = {isa = PBXFileReference; lastKnownFileType = sourcecode.swift; path = SettingsView.swift; sourceTree = "<group>"; };
		E2992FDB2EA9E6E500E86606 /* DebugSettingsView.swift */ = {isa = PBXFileReference; lastKnownFileType = sourcecode.swift; path = DebugSettingsView.swift; sourceTree = "<group>"; };
		E2992FDE2EA9EB0200E86606 /* ImportProcessor.swift */ = {isa = PBXFileReference; lastKnownFileType = sourcecode.swift; path = ImportProcessor.swift; sourceTree = "<group>"; };
		E2992FE02EA9EBC900E86606 /* ImportBatch.swift */ = {isa = PBXFileReference; lastKnownFileType = sourcecode.swift; path = ImportBatch.swift; sourceTree = "<group>"; };
		E2992FE22EA9EC4E00E86606 /* DataManager+ImportBatch.swift */ = {isa = PBXFileReference; lastKnownFileType = sourcecode.swift; path = "DataManager+ImportBatch.swift"; sourceTree = "<group>"; };
		E2992FE62EA9F3D500E86606 /* Bank.swift */ = {isa = PBXFileReference; lastKnownFileType = sourcecode.swift; path = Bank.swift; sourceTree = "<group>"; };
		E2992FE82EAF146D00E86606 /* ImportsView.swift */ = {isa = PBXFileReference; lastKnownFileType = sourcecode.swift; path = ImportsView.swift; sourceTree = "<group>"; };
		E2992FEA2EAF39C700E86606 /* AccountsView.swift */ = {isa = PBXFileReference; lastKnownFileType = sourcecode.swift; path = AccountsView.swift; sourceTree = "<group>"; };
/* End PBXFileReference section */

/* Begin PBXFrameworksBuildPhase section */
		DEF3CADF2B61BB9200C926ED /* Frameworks */ = {
			isa = PBXFrameworksBuildPhase;
			buildActionMask = 2147483647;
			files = (
				E284D4C62C44F49A00F72684 /* FirebaseDatabaseSwift in Frameworks */,
				E284D4C42C44F49A00F72684 /* FirebaseAuth in Frameworks */,
			);
			runOnlyForDeploymentPostprocessing = 0;
		};
/* End PBXFrameworksBuildPhase section */

/* Begin PBXGroup section */
		DEF3CAD92B61BB9200C926ED = {
			isa = PBXGroup;
			children = (
				DEF3CAE42B61BB9300C926ED /* Mula */,
				DEF3CAE32B61BB9300C926ED /* Products */,
				E2F955962C462E60007D2E8E /* Frameworks */,
			);
			sourceTree = "<group>";
		};
		DEF3CAE32B61BB9300C926ED /* Products */ = {
			isa = PBXGroup;
			children = (
				DEF3CAE22B61BB9300C926ED /* Mula.app */,
			);
			name = Products;
			sourceTree = "<group>";
		};
		DEF3CAE42B61BB9300C926ED /* Mula */ = {
			isa = PBXGroup;
			children = (
				E2992F822E91DDFE00E86606 /* GoogleService-Info.plist */,
				E2992F812E91DC4400E86606 /* Mula.entitlements */,
				DEF3CAE52B61BB9300C926ED /* MulaApp.swift */,
				E288FB0E2C275D7D00B6D57A /* Data */,
				DEF3CAFA2B61BD2000C926ED /* Model */,
				DEF8FE1A2B6B988C00D10468 /* Utilities */,
				E288FB112C275E3400B6D57A /* Views */,
				E288FB0F2C275E1800B6D57A /* iOS */,
				DEF3CAE92B61BB9500C926ED /* Assets.xcassets */,
				DEF3CAEB2B61BB9500C926ED /* Preview Content */,
			);
			path = Mula;
			sourceTree = "<group>";
		};
		DEF3CAEB2B61BB9500C926ED /* Preview Content */ = {
			isa = PBXGroup;
			children = (
				DEF3CAEC2B61BB9500C926ED /* Preview Assets.xcassets */,
			);
			path = "Preview Content";
			sourceTree = "<group>";
		};
		DEF3CAFA2B61BD2000C926ED /* Model */ = {
			isa = PBXGroup;
			children = (
				E2992FE62EA9F3D500E86606 /* Bank.swift */,
				E2992FAF2EA2030700E86606 /* Account.swift */,
				E27223DD2BF9C2FE0065089A /* AccountStatement.swift */,
				E2992FE02EA9EBC900E86606 /* ImportBatch.swift */,
				E2992FC72EA7349500E86606 /* Transaction.swift */,
			);
			path = Model;
			sourceTree = "<group>";
		};
		DEF8FE1A2B6B988C00D10468 /* Utilities */ = {
			isa = PBXGroup;
			children = (
				E253C8F42C4C98E700739FAD /* Constants.swift */,
				DEF8FE1B2B6B989A00D10468 /* Extensions.swift */,
			);
			path = Utilities;
			sourceTree = "<group>";
		};
		E284D4AB2C3CF42800F72684 /* Views */ = {
			isa = PBXGroup;
			children = (
				E284D4AA2C3CF42800F72684 /* TileView.swift */,
			);
			path = Views;
			sourceTree = "<group>";
		};
		E284D4B02C3CF43200F72684 /* Models */ = {
			isa = PBXGroup;
			children = (
				E284D4B12C3CF43800F72684 /* Bucket.swift */,
			);
			path = Models;
			sourceTree = "<group>";
		};
		E2866C2F2F0797A900DB6CE3 /* Forms */ = {
			isa = PBXGroup;
			children = (
				E2992FCF2EA7373300E86606 /* TransactionFormView.swift */,
				E2992FD32EA7373E00E86606 /* EditTransactionFormView.swift */,
				E2992FD12EA7373900E86606 /* NewTransactionFormView.swift */,
			);
			path = Forms;
			sourceTree = "<group>";
		};
		E2866C312F07985400DB6CE3 /* Imports */ = {
			isa = PBXGroup;
			children = (
				E2992FE82EAF146D00E86606 /* ImportsView.swift */,
				DE9AF9302B7851F700D1F4DC /* ImportTransactionsView.swift */,
			);
			path = Imports;
			sourceTree = "<group>";
		};
		E288FB0E2C275D7D00B6D57A /* Data */ = {
			isa = PBXGroup;
			children = (
				E284D4CA2C44FDC300F72684 /* DataManager.swift */,
				E2992FBA2EA205A200E86606 /* DataManager+Account.swift */,
				E2992FCB2EA7352100E86606 /* DataManager+Transaction.swift */,
				E2992FE22EA9EC4E00E86606 /* DataManager+ImportBatch.swift */,
				E2992FDE2EA9EB0200E86606 /* ImportProcessor.swift */,
			);
			path = Data;
			sourceTree = "<group>";
		};
		E288FB0F2C275E1800B6D57A /* iOS */ = {
			isa = PBXGroup;
			children = (
				E284D4B02C3CF43200F72684 /* Models */,
				E284D4AB2C3CF42800F72684 /* Views */,
			);
			path = iOS;
			sourceTree = "<group>";
		};
		E288FB112C275E3400B6D57A /* Views */ = {
			isa = PBXGroup;
			children = (
				E2866C312F07985400DB6CE3 /* Imports */,
				E2992FDA2EA9E6D400E86606 /* Settings */,
				E2992FD52EA7375400E86606 /* Transactions */,
				E2992FEA2EAF39C700E86606 /* AccountsView.swift */,
				E284D49E2C28CA8900F72684 /* ChartView.swift */,
				DEF3CAE72B61BB9300C926ED /* ContentView.swift */,
				DE9AF9B42BA2C4AF00D1F4DC /* PieChartView.swift */,
				E253C9102C61D5AC00739FAD /* SignInView.swift */,
				E2866C342F2349C500DB6CE3 /* SpendingBarChartView.swift */,
				E2866C362F234B3100DB6CE3 /* SpendingLineChartView.swift */,
				E2992FD62EA7439D00E86606 /* SummaryView.swift */,
				E2866C322F2349B300DB6CE3 /* TrendsView.swift */,
			);
			path = Views;
			sourceTree = "<group>";
		};
		E2992FB52EA2037500E86606 /* Accounts */ = {
			isa = PBXGroup;
			children = (
				E2992FBC2EA209E900E86606 /* AccountFormView.swift */,
				E2992FB12EA2036000E86606 /* AccountsSettingsView.swift */,
				E2992FB32EA2036E00E86606 /* AddAccountSheet.swift */,
				E2992FBE2EA20A1B00E86606 /* EditAccountSheet.swift */,
			);
			path = Accounts;
			sourceTree = "<group>";
		};
		E2992FD52EA7375400E86606 /* Transactions */ = {
			isa = PBXGroup;
			children = (
				E2866C2F2F0797A900DB6CE3 /* Forms */,
				E2866C282F07574800DB6CE3 /* DetailRow.swift */,
				E2866C292F07574800DB6CE3 /* TransactionDetailView.swift */,
				E2992FCD2EA7372900E86606 /* TransactionsView.swift */,
				E253C8EF2C4C74D100739FAD /* TransactionView.swift */,
			);
			path = Transactions;
			sourceTree = "<group>";
		};
		E2992FDA2EA9E6D400E86606 /* Settings */ = {
			isa = PBXGroup;
			children = (
				E2992FB52EA2037500E86606 /* Accounts */,
				E2992FDD2EA9E6EB00E86606 /* Debug */,
				E2992FD82EA9E6C000E86606 /* SettingsView.swift */,
			);
			path = Settings;
			sourceTree = "<group>";
		};
		E2992FDD2EA9E6EB00E86606 /* Debug */ = {
			isa = PBXGroup;
			children = (
				E2992FDB2EA9E6E500E86606 /* DebugSettingsView.swift */,
			);
			path = Debug;
			sourceTree = "<group>";
		};
		E2F955962C462E60007D2E8E /* Frameworks */ = {
			isa = PBXGroup;
			children = (
			);
			name = Frameworks;
			sourceTree = "<group>";
		};
/* End PBXGroup section */

/* Begin PBXNativeTarget section */
		DEF3CAE12B61BB9200C926ED /* Mula */ = {
			isa = PBXNativeTarget;
			buildConfigurationList = DEF3CAF12B61BB9500C926ED /* Build configuration list for PBXNativeTarget "Mula" */;
			buildPhases = (
				DEF3CADE2B61BB9200C926ED /* Sources */,
				DEF3CADF2B61BB9200C926ED /* Frameworks */,
				DEF3CAE02B61BB9200C926ED /* Resources */,
			);
			buildRules = (
			);
			dependencies = (
			);
			name = Mula;
			packageProductDependencies = (
				E284D4C32C44F49A00F72684 /* FirebaseAuth */,
				E284D4C52C44F49A00F72684 /* FirebaseDatabaseSwift */,
			);
			productName = Mula;
			productReference = DEF3CAE22B61BB9300C926ED /* Mula.app */;
			productType = "com.apple.product-type.application";
		};
/* End PBXNativeTarget section */

/* Begin PBXProject section */
		DEF3CADA2B61BB9200C926ED /* Project object */ = {
			isa = PBXProject;
			attributes = {
				BuildIndependentTargetsInParallel = 1;
				LastSwiftUpdateCheck = 1520;
				LastUpgradeCheck = 1520;
				TargetAttributes = {
					DEF3CAE12B61BB9200C926ED = {
						CreatedOnToolsVersion = 15.2;
					};
				};
			};
			buildConfigurationList = DEF3CADD2B61BB9200C926ED /* Build configuration list for PBXProject "Mula" */;
			compatibilityVersion = "Xcode 14.0";
			developmentRegion = en;
			hasScannedForEncodings = 0;
			knownRegions = (
				en,
				Base,
			);
			mainGroup = DEF3CAD92B61BB9200C926ED;
			packageReferences = (
				E284D4C22C44F49A00F72684 /* XCRemoteSwiftPackageReference "firebase-ios-sdk" */,
			);
			productRefGroup = DEF3CAE32B61BB9300C926ED /* Products */;
			projectDirPath = "";
			projectRoot = "";
			targets = (
				DEF3CAE12B61BB9200C926ED /* Mula */,
			);
		};
/* End PBXProject section */

/* Begin PBXResourcesBuildPhase section */
		DEF3CAE02B61BB9200C926ED /* Resources */ = {
			isa = PBXResourcesBuildPhase;
			buildActionMask = 2147483647;
			files = (
				DEF3CAED2B61BB9500C926ED /* Preview Assets.xcassets in Resources */,
				DEF3CAEA2B61BB9500C926ED /* Assets.xcassets in Resources */,
				E2992F832E91DDFE00E86606 /* GoogleService-Info.plist in Resources */,
			);
			runOnlyForDeploymentPostprocessing = 0;
		};
/* End PBXResourcesBuildPhase section */

/* Begin PBXSourcesBuildPhase section */
		DEF3CADE2B61BB9200C926ED /* Sources */ = {
			isa = PBXSourcesBuildPhase;
			buildActionMask = 2147483647;
			files = (
				E27223DE2BF9C2FE0065089A /* AccountStatement.swift in Sources */,
				E2992FD02EA7373300E86606 /* TransactionFormView.swift in Sources */,
				DE9AF9B52BA2C4AF00D1F4DC /* PieChartView.swift in Sources */,
				E2866C372F234B3100DB6CE3 /* SpendingLineChartView.swift in Sources */,
				E2992FCE2EA7372900E86606 /* TransactionsView.swift in Sources */,
				E253C8F02C4C74D100739FAD /* TransactionView.swift in Sources */,
				E2992FE92EAF146D00E86606 /* ImportsView.swift in Sources */,
				DE9AF9312B7851F700D1F4DC /* ImportTransactionsView.swift in Sources */,
				E2992FB22EA2036000E86606 /* AccountsSettingsView.swift in Sources */,
				E253C9112C61D5B100739FAD /* SignInView.swift in Sources */,
				E2866C352F2349C500DB6CE3 /* SpendingBarChartView.swift in Sources */,
				E2992FBD2EA209E900E86606 /* AccountFormView.swift in Sources */,
				E2992FE12EA9EBC900E86606 /* ImportBatch.swift in Sources */,
				E2866C2A2F07574800DB6CE3 /* TransactionDetailView.swift in Sources */,
				E2866C2B2F07574800DB6CE3 /* DetailRow.swift in Sources */,
				E2992FD22EA7373900E86606 /* NewTransactionFormView.swift in Sources */,
				E253C8F62C4C98EA00739FAD /* Constants.swift in Sources */,
				E2992FD72EA7439D00E86606 /* SummaryView.swift in Sources */,
				E284D4CC2C44FDC500F72684 /* DataManager.swift in Sources */,
				E284D4AC2C3CF42800F72684 /* TileView.swift in Sources */,
				E2866C332F2349B300DB6CE3 /* TrendsView.swift in Sources */,
				E284D49F2C28CA8900F72684 /* ChartView.swift in Sources */,
				E2992FCC2EA7352100E86606 /* DataManager+Transaction.swift in Sources */,
				E2992FE72EA9F3D500E86606 /* Bank.swift in Sources */,
				E2992FC82EA7349500E86606 /* Transaction.swift in Sources */,
				E2992FD92EA9E6C000E86606 /* SettingsView.swift in Sources */,
				DEF3CAE82B61BB9300C926ED /* ContentView.swift in Sources */,
				E2992FE32EA9EC4E00E86606 /* DataManager+ImportBatch.swift in Sources */,
				DEF3CAE62B61BB9300C926ED /* MulaApp.swift in Sources */,
				E2992FEB2EAF39C700E86606 /* AccountsView.swift in Sources */,
				E2992FBB2EA205A200E86606 /* DataManager+Account.swift in Sources */,
				E284D4B22C3CF44700F72684 /* Bucket.swift in Sources */,
				DEF8FE1C2B6B989A00D10468 /* Extensions.swift in Sources */,
				E2992FB42EA2036E00E86606 /* AddAccountSheet.swift in Sources */,
				E2992FB02EA2030700E86606 /* Account.swift in Sources */,
				E2992FDF2EA9EB0200E86606 /* ImportProcessor.swift in Sources */,
				E2992FD42EA7373E00E86606 /* EditTransactionFormView.swift in Sources */,
				E2992FBF2EA20A1B00E86606 /* EditAccountSheet.swift in Sources */,
				E2992FDC2EA9E6E500E86606 /* DebugSettingsView.swift in Sources */,
			);
			runOnlyForDeploymentPostprocessing = 0;
		};
/* End PBXSourcesBuildPhase section */

/* Begin XCBuildConfiguration section */
		DEF3CAEF2B61BB9500C926ED /* Debug */ = {
			isa = XCBuildConfiguration;
			buildSettings = {
				ALWAYS_SEARCH_USER_PATHS = NO;
				ASSETCATALOG_COMPILER_GENERATE_SWIFT_ASSET_SYMBOL_EXTENSIONS = YES;
				CLANG_ANALYZER_NONNULL = YES;
				CLANG_ANALYZER_NUMBER_OBJECT_CONVERSION = YES_AGGRESSIVE;
				CLANG_CXX_LANGUAGE_STANDARD = "gnu++20";
				CLANG_ENABLE_MODULES = YES;
				CLANG_ENABLE_OBJC_ARC = YES;
				CLANG_ENABLE_OBJC_WEAK = YES;
				CLANG_WARN_BLOCK_CAPTURE_AUTORELEASING = YES;
				CLANG_WARN_BOOL_CONVERSION = YES;
				CLANG_WARN_COMMA = YES;
				CLANG_WARN_CONSTANT_CONVERSION = YES;
				CLANG_WARN_DEPRECATED_OBJC_IMPLEMENTATIONS = YES;
				CLANG_WARN_DIRECT_OBJC_ISA_USAGE = YES_ERROR;
				CLANG_WARN_DOCUMENTATION_COMMENTS = YES;
				CLANG_WARN_EMPTY_BODY = YES;
				CLANG_WARN_ENUM_CONVERSION = YES;
				CLANG_WARN_INFINITE_RECURSION = YES;
				CLANG_WARN_INT_CONVERSION = YES;
				CLANG_WARN_NON_LITERAL_NULL_CONVERSION = YES;
				CLANG_WARN_OBJC_IMPLICIT_RETAIN_SELF = YES;
				CLANG_WARN_OBJC_LITERAL_CONVERSION = YES;
				CLANG_WARN_OBJC_ROOT_CLASS = YES_ERROR;
				CLANG_WARN_QUOTED_INCLUDE_IN_FRAMEWORK_HEADER = YES;
				CLANG_WARN_RANGE_LOOP_ANALYSIS = YES;
				CLANG_WARN_STRICT_PROTOTYPES = YES;
				CLANG_WARN_SUSPICIOUS_MOVE = YES;
				CLANG_WARN_UNGUARDED_AVAILABILITY = YES_AGGRESSIVE;
				CLANG_WARN_UNREACHABLE_CODE = YES;
				CLANG_WARN__DUPLICATE_METHOD_MATCH = YES;
				COPY_PHASE_STRIP = NO;
				DEBUG_INFORMATION_FORMAT = dwarf;
				ENABLE_STRICT_OBJC_MSGSEND = YES;
				ENABLE_TESTABILITY = YES;
				ENABLE_USER_SCRIPT_SANDBOXING = YES;
				GCC_C_LANGUAGE_STANDARD = gnu17;
				GCC_DYNAMIC_NO_PIC = NO;
				GCC_NO_COMMON_BLOCKS = YES;
				GCC_OPTIMIZATION_LEVEL = 0;
				GCC_PREPROCESSOR_DEFINITIONS = (
					"DEBUG=1",
					"$(inherited)",
				);
				GCC_WARN_64_TO_32_BIT_CONVERSION = YES;
				GCC_WARN_ABOUT_RETURN_TYPE = YES_ERROR;
				GCC_WARN_UNDECLARED_SELECTOR = YES;
				GCC_WARN_UNINITIALIZED_AUTOS = YES_AGGRESSIVE;
				GCC_WARN_UNUSED_FUNCTION = YES;
				GCC_WARN_UNUSED_VARIABLE = YES;
				LOCALIZATION_PREFERS_STRING_CATALOGS = YES;
				MACOSX_DEPLOYMENT_TARGET = 14.1;
				MTL_ENABLE_DEBUG_INFO = INCLUDE_SOURCE;
				MTL_FAST_MATH = YES;
				ONLY_ACTIVE_ARCH = YES;
				SDKROOT = macosx;
				SWIFT_ACTIVE_COMPILATION_CONDITIONS = "DEBUG $(inherited)";
				SWIFT_OPTIMIZATION_LEVEL = "-Onone";
			};
			name = Debug;
		};
		DEF3CAF02B61BB9500C926ED /* Release */ = {
			isa = XCBuildConfiguration;
			buildSettings = {
				ALWAYS_SEARCH_USER_PATHS = NO;
				ASSETCATALOG_COMPILER_GENERATE_SWIFT_ASSET_SYMBOL_EXTENSIONS = YES;
				CLANG_ANALYZER_NONNULL = YES;
				CLANG_ANALYZER_NUMBER_OBJECT_CONVERSION = YES_AGGRESSIVE;
				CLANG_CXX_LANGUAGE_STANDARD = "gnu++20";
				CLANG_ENABLE_MODULES = YES;
				CLANG_ENABLE_OBJC_ARC = YES;
				CLANG_ENABLE_OBJC_WEAK = YES;
				CLANG_WARN_BLOCK_CAPTURE_AUTORELEASING = YES;
				CLANG_WARN_BOOL_CONVERSION = YES;
				CLANG_WARN_COMMA = YES;
				CLANG_WARN_CONSTANT_CONVERSION = YES;
				CLANG_WARN_DEPRECATED_OBJC_IMPLEMENTATIONS = YES;
				CLANG_WARN_DIRECT_OBJC_ISA_USAGE = YES_ERROR;
				CLANG_WARN_DOCUMENTATION_COMMENTS = YES;
				CLANG_WARN_EMPTY_BODY = YES;
				CLANG_WARN_ENUM_CONVERSION = YES;
				CLANG_WARN_INFINITE_RECURSION = YES;
				CLANG_WARN_INT_CONVERSION = YES;
				CLANG_WARN_NON_LITERAL_NULL_CONVERSION = YES;
				CLANG_WARN_OBJC_IMPLICIT_RETAIN_SELF = YES;
				CLANG_WARN_OBJC_LITERAL_CONVERSION = YES;
				CLANG_WARN_OBJC_ROOT_CLASS = YES_ERROR;
				CLANG_WARN_QUOTED_INCLUDE_IN_FRAMEWORK_HEADER = YES;
				CLANG_WARN_RANGE_LOOP_ANALYSIS = YES;
				CLANG_WARN_STRICT_PROTOTYPES = YES;
				CLANG_WARN_SUSPICIOUS_MOVE = YES;
				CLANG_WARN_UNGUARDED_AVAILABILITY = YES_AGGRESSIVE;
				CLANG_WARN_UNREACHABLE_CODE = YES;
				CLANG_WARN__DUPLICATE_METHOD_MATCH = YES;
				COPY_PHASE_STRIP = NO;
				DEBUG_INFORMATION_FORMAT = "dwarf-with-dsym";
				ENABLE_NS_ASSERTIONS = NO;
				ENABLE_STRICT_OBJC_MSGSEND = YES;
				ENABLE_USER_SCRIPT_SANDBOXING = YES;
				GCC_C_LANGUAGE_STANDARD = gnu17;
				GCC_NO_COMMON_BLOCKS = YES;
				GCC_WARN_64_TO_32_BIT_CONVERSION = YES;
				GCC_WARN_ABOUT_RETURN_TYPE = YES_ERROR;
				GCC_WARN_UNDECLARED_SELECTOR = YES;
				GCC_WARN_UNINITIALIZED_AUTOS = YES_AGGRESSIVE;
				GCC_WARN_UNUSED_FUNCTION = YES;
				GCC_WARN_UNUSED_VARIABLE = YES;
				LOCALIZATION_PREFERS_STRING_CATALOGS = YES;
				MACOSX_DEPLOYMENT_TARGET = 14.1;
				MTL_ENABLE_DEBUG_INFO = NO;
				MTL_FAST_MATH = YES;
				SDKROOT = macosx;
				SWIFT_COMPILATION_MODE = wholemodule;
			};
			name = Release;
		};
		DEF3CAF22B61BB9500C926ED /* Debug */ = {
			isa = XCBuildConfiguration;
			buildSettings = {
				ASSETCATALOG_COMPILER_APPICON_NAME = AppIcon;
				ASSETCATALOG_COMPILER_GLOBAL_ACCENT_COLOR_NAME = AccentColor;
				CODE_SIGN_ENTITLEMENTS = Mula/Mula.entitlements;
				CODE_SIGN_STYLE = Automatic;
				COMBINE_HIDPI_IMAGES = YES;
				CURRENT_PROJECT_VERSION = 1;
				DEVELOPMENT_ASSET_PATHS = "\"Mula/Preview Content\"";
				DEVELOPMENT_TEAM = S85ULMGGX9;
				ENABLE_HARDENED_RUNTIME = YES;
				ENABLE_PREVIEWS = YES;
				GENERATE_INFOPLIST_FILE = YES;
				INFOPLIST_KEY_NSHumanReadableCopyright = "";
				LD_RUNPATH_SEARCH_PATHS = (
					"$(inherited)",
					"@executable_path/../Frameworks",
				);
				MACOSX_DEPLOYMENT_TARGET = 14.0;
				MARKETING_VERSION = 1.0;
				PRODUCT_BUNDLE_IDENTIFIER = com.kayapps.Mula;
				PRODUCT_NAME = "$(TARGET_NAME)";
				SUPPORTED_PLATFORMS = macosx;
				SUPPORTS_MACCATALYST = NO;
				SUPPORTS_MAC_DESIGNED_FOR_IPHONE_IPAD = NO;
				SWIFT_EMIT_LOC_STRINGS = YES;
				SWIFT_VERSION = 5.0;
			};
			name = Debug;
		};
		DEF3CAF32B61BB9500C926ED /* Release */ = {
			isa = XCBuildConfiguration;
			buildSettings = {
				ASSETCATALOG_COMPILER_APPICON_NAME = AppIcon;
				ASSETCATALOG_COMPILER_GLOBAL_ACCENT_COLOR_NAME = AccentColor;
				CODE_SIGN_ENTITLEMENTS = Mula/Mula.entitlements;
				CODE_SIGN_STYLE = Automatic;
				COMBINE_HIDPI_IMAGES = YES;
				CURRENT_PROJECT_VERSION = 1;
				DEVELOPMENT_ASSET_PATHS = "\"Mula/Preview Content\"";
				DEVELOPMENT_TEAM = S85ULMGGX9;
				ENABLE_HARDENED_RUNTIME = YES;
				ENABLE_PREVIEWS = YES;
				GENERATE_INFOPLIST_FILE = YES;
				INFOPLIST_KEY_NSHumanReadableCopyright = "";
				LD_RUNPATH_SEARCH_PATHS = (
					"$(inherited)",
					"@executable_path/../Frameworks",
				);
				MACOSX_DEPLOYMENT_TARGET = 14.0;
				MARKETING_VERSION = 1.0;
				PRODUCT_BUNDLE_IDENTIFIER = com.kayapps.Mula;
				PRODUCT_NAME = "$(TARGET_NAME)";
				SUPPORTED_PLATFORMS = macosx;
				SUPPORTS_MACCATALYST = NO;
				SUPPORTS_MAC_DESIGNED_FOR_IPHONE_IPAD = NO;
				SWIFT_EMIT_LOC_STRINGS = YES;
				SWIFT_VERSION = 5.0;
			};
			name = Release;
		};
/* End XCBuildConfiguration section */

/* Begin XCConfigurationList section */
		DEF3CADD2B61BB9200C926ED /* Build configuration list for PBXProject "Mula" */ = {
			isa = XCConfigurationList;
			buildConfigurations = (
				DEF3CAEF2B61BB9500C926ED /* Debug */,
				DEF3CAF02B61BB9500C926ED /* Release */,
			);
			defaultConfigurationIsVisible = 0;
			defaultConfigurationName = Release;
		};
		DEF3CAF12B61BB9500C926ED /* Build configuration list for PBXNativeTarget "Mula" */ = {
			isa = XCConfigurationList;
			buildConfigurations = (
				DEF3CAF22B61BB9500C926ED /* Debug */,
				DEF3CAF32B61BB9500C926ED /* Release */,
			);
			defaultConfigurationIsVisible = 0;
			defaultConfigurationName = Release;
		};
/* End XCConfigurationList section */

/* Begin XCRemoteSwiftPackageReference section */
		E284D4C22C44F49A00F72684 /* XCRemoteSwiftPackageReference "firebase-ios-sdk" */ = {
			isa = XCRemoteSwiftPackageReference;
			repositoryURL = "https://github.com/firebase/firebase-ios-sdk";
			requirement = {
				kind = upToNextMajorVersion;
				minimumVersion = 10.29.0;
			};
		};
/* End XCRemoteSwiftPackageReference section */

/* Begin XCSwiftPackageProductDependency section */
		E284D4C32C44F49A00F72684 /* FirebaseAuth */ = {
			isa = XCSwiftPackageProductDependency;
			package = E284D4C22C44F49A00F72684 /* XCRemoteSwiftPackageReference "firebase-ios-sdk" */;
			productName = FirebaseAuth;
		};
		E284D4C52C44F49A00F72684 /* FirebaseDatabaseSwift */ = {
			isa = XCSwiftPackageProductDependency;
			package = E284D4C22C44F49A00F72684 /* XCRemoteSwiftPackageReference "firebase-ios-sdk" */;
			productName = FirebaseDatabaseSwift;
		};
/* End XCSwiftPackageProductDependency section */
	};
	rootObject = DEF3CADA2B61BB9200C926ED /* Project object */;
}
