// !$*UTF8*$!
{
	archiveVersion = 1;
	classes = {
	};
	objectVersion = 70;
	objects = {

/* Begin PBXBuildFile section */
		DEF3CAE62B61BB9300C926ED /* MulaApp.swift in Sources */ = {isa = PBXBuildFile; fileRef = DEF3CAE52B61BB9300C926ED /* MulaApp.swift */; };
		DEF3CAEA2B61BB9500C926ED /* Assets.xcassets in Resources */ = {isa = PBXBuildFile; fileRef = DEF3CAE92B61BB9500C926ED /* Assets.xcassets */; };
		DEF3CAED2B61BB9500C926ED /* Preview Assets.xcassets in Resources */ = {isa = PBXBuildFile; fileRef = DEF3CAEC2B61BB9500C926ED /* Preview Assets.xcassets */; };
		E284D4C42C44F49A00F72684 /* FirebaseAuth in Frameworks */ = {isa = PBXBuildFile; productRef = E284D4C32C44F49A00F72684 /* FirebaseAuth */; };
		E284D4C62C44F49A00F72684 /* FirebaseDatabaseSwift in Frameworks */ = {isa = PBXBuildFile; productRef = E284D4C52C44F49A00F72684 /* FirebaseDatabaseSwift */; };
		E2992F832E91DDFE00E86606 /* GoogleService-Info.plist in Resources */ = {isa = PBXBuildFile; fileRef = E2992F822E91DDFE00E86606 /* GoogleService-Info.plist */; };
		E3A100072FAF000100A10001 /* CSVParserTests.swift in Sources */ = {isa = PBXBuildFile; fileRef = E3A100022FAF000100A10001 /* CSVParserTests.swift */; };
		E3A1000B2FAF000100A10001 /* MulaCore.framework in Frameworks */ = {isa = PBXBuildFile; fileRef = E3A100152FAF000100A10001 /* MulaCore.framework */; };
		E3A1000C2FAF000100A10001 /* MulaCore.framework in Frameworks */ = {isa = PBXBuildFile; fileRef = E3A100152FAF000100A10001 /* MulaCore.framework */; };
		E3A100112FAF000100A10001 /* CSVParser.swift in Sources */ = {isa = PBXBuildFile; fileRef = E3A100132FAF000100A10001 /* CSVParser.swift */; };
		E3A100122FAF000100A10001 /* String+CSVParsing.swift in Sources */ = {isa = PBXBuildFile; fileRef = E3A100142FAF000100A10001 /* String+CSVParsing.swift */; };
		E3A100162FAF000100A10001 /* MulaCore.framework in Embed Frameworks */ = {isa = PBXBuildFile; fileRef = E3A100152FAF000100A10001 /* MulaCore.framework */; settings = {ATTRIBUTES = (CodeSignOnCopy, RemoveHeadersOnCopy, ); }; };
		E3A100242FAF000100A10001 /* Account.swift in Sources */ = {isa = PBXBuildFile; fileRef = E3A100252FAF000100A10001 /* Account.swift */; };
		E3A100262FAF000100A10001 /* Bank.swift in Sources */ = {isa = PBXBuildFile; fileRef = E3A100272FAF000100A10001 /* Bank.swift */; };
		E3A100282FAF000100A10001 /* Transaction.swift in Sources */ = {isa = PBXBuildFile; fileRef = E3A100292FAF000100A10001 /* Transaction.swift */; };
		E3A1002A2FAF000100A10001 /* TransactionCategoryProtocol.swift in Sources */ = {isa = PBXBuildFile; fileRef = E3A1002B2FAF000100A10001 /* TransactionCategoryProtocol.swift */; };
		E3A1002C2FAF000100A10001 /* ImportProcessor.swift in Sources */ = {isa = PBXBuildFile; fileRef = E3A1002D2FAF000100A10001 /* ImportProcessor.swift */; };
		E3A1002E2FAF000100A10001 /* ImportProcessorTests.swift in Sources */ = {isa = PBXBuildFile; fileRef = E3A1002F2FAF000100A10001 /* ImportProcessorTests.swift */; };
/* End PBXBuildFile section */

/* Begin PBXContainerItemProxy section */
		E3A100052FAF000100A10001 /* PBXContainerItemProxy */ = {
			isa = PBXContainerItemProxy;
			containerPortal = DEF3CADA2B61BB9200C926ED /* Project object */;
			proxyType = 1;
			remoteGlobalIDString = E3A100182FAF000100A10001;
			remoteInfo = MulaCore;
		};
		E3A100232FAF000100A10001 /* PBXContainerItemProxy */ = {
			isa = PBXContainerItemProxy;
			containerPortal = DEF3CADA2B61BB9200C926ED /* Project object */;
			proxyType = 1;
			remoteGlobalIDString = E3A100182FAF000100A10001;
			remoteInfo = MulaCore;
		};
/* End PBXContainerItemProxy section */

/* Begin PBXCopyFilesBuildPhase section */
		E3A100172FAF000100A10001 /* Embed Frameworks */ = {
			isa = PBXCopyFilesBuildPhase;
			buildActionMask = 2147483647;
			dstPath = "";
			dstSubfolderSpec = 10;
			files = (
				E3A100162FAF000100A10001 /* MulaCore.framework in Embed Frameworks */,
			);
			name = "Embed Frameworks";
			runOnlyForDeploymentPostprocessing = 0;
		};
/* End PBXCopyFilesBuildPhase section */

/* Begin PBXFileReference section */
		DEF3CAE22B61BB9300C926ED /* Mula.app */ = {isa = PBXFileReference; explicitFileType = wrapper.application; includeInIndex = 0; path = Mula.app; sourceTree = BUILT_PRODUCTS_DIR; };
		DEF3CAE52B61BB9300C926ED /* MulaApp.swift */ = {isa = PBXFileReference; lastKnownFileType = sourcecode.swift; path = MulaApp.swift; sourceTree = "<group>"; };
		DEF3CAE92B61BB9500C926ED /* Assets.xcassets */ = {isa = PBXFileReference; lastKnownFileType = folder.assetcatalog; path = Assets.xcassets; sourceTree = "<group>"; };
		DEF3CAEC2B61BB9500C926ED /* Preview Assets.xcassets */ = {isa = PBXFileReference; lastKnownFileType = folder.assetcatalog; path = "Preview Assets.xcassets"; sourceTree = "<group>"; };
		E2992F812E91DC4400E86606 /* Mula.entitlements */ = {isa = PBXFileReference; lastKnownFileType = text.plist.entitlements; path = Mula.entitlements; sourceTree = "<group>"; };
		E2992F822E91DDFE00E86606 /* GoogleService-Info.plist */ = {isa = PBXFileReference; lastKnownFileType = text.plist.xml; path = "GoogleService-Info.plist"; sourceTree = "<group>"; };
		E3A100012FAF000100A10001 /* MulaTests.xctest */ = {isa = PBXFileReference; explicitFileType = wrapper.cfbundle; includeInIndex = 0; path = MulaTests.xctest; sourceTree = BUILT_PRODUCTS_DIR; };
		E3A100022FAF000100A10001 /* CSVParserTests.swift */ = {isa = PBXFileReference; lastKnownFileType = sourcecode.swift; path = CSVParserTests.swift; sourceTree = "<group>"; };
		E3A100132FAF000100A10001 /* CSVParser.swift */ = {isa = PBXFileReference; lastKnownFileType = sourcecode.swift; path = CSVParser.swift; sourceTree = "<group>"; };
		E3A100142FAF000100A10001 /* String+CSVParsing.swift */ = {isa = PBXFileReference; lastKnownFileType = sourcecode.swift; path = "String+CSVParsing.swift"; sourceTree = "<group>"; };
		E3A100152FAF000100A10001 /* MulaCore.framework */ = {isa = PBXFileReference; explicitFileType = wrapper.framework; includeInIndex = 0; path = MulaCore.framework; sourceTree = BUILT_PRODUCTS_DIR; };
		E3A100252FAF000100A10001 /* Account.swift */ = {isa = PBXFileReference; lastKnownFileType = sourcecode.swift; path = Account.swift; sourceTree = "<group>"; };
		E3A100272FAF000100A10001 /* Bank.swift */ = {isa = PBXFileReference; lastKnownFileType = sourcecode.swift; path = Bank.swift; sourceTree = "<group>"; };
		E3A100292FAF000100A10001 /* Transaction.swift */ = {isa = PBXFileReference; lastKnownFileType = sourcecode.swift; path = Transaction.swift; sourceTree = "<group>"; };
		E3A1002B2FAF000100A10001 /* TransactionCategoryProtocol.swift */ = {isa = PBXFileReference; lastKnownFileType = sourcecode.swift; path = TransactionCategoryProtocol.swift; sourceTree = "<group>"; };
		E3A1002D2FAF000100A10001 /* ImportProcessor.swift */ = {isa = PBXFileReference; lastKnownFileType = sourcecode.swift; path = ImportProcessor.swift; sourceTree = "<group>"; };
		E3A1002F2FAF000100A10001 /* ImportProcessorTests.swift */ = {isa = PBXFileReference; lastKnownFileType = sourcecode.swift; path = ImportProcessorTests.swift; sourceTree = "<group>"; };
/* End PBXFileReference section */

/* Begin PBXFileSystemSynchronizedRootGroup section */
		E252B5282FA1C5F30064A197 /* Data */ = {isa = PBXFileSystemSynchronizedRootGroup; explicitFileTypes = {}; explicitFolders = (); path = Data; sourceTree = "<group>"; };
		E252B5342FA1C5FE0064A197 /* Utilities */ = {isa = PBXFileSystemSynchronizedRootGroup; explicitFileTypes = {}; explicitFolders = (); path = Utilities; sourceTree = "<group>"; };
		E252B56D2FA1C6090064A197 /* Views */ = {isa = PBXFileSystemSynchronizedRootGroup; explicitFileTypes = {}; explicitFolders = (); path = Views; sourceTree = "<group>"; };
		E252B5922FA1C6290064A197 /* Model */ = {isa = PBXFileSystemSynchronizedRootGroup; explicitFileTypes = {}; explicitFolders = (); path = Model; sourceTree = "<group>"; };
/* End PBXFileSystemSynchronizedRootGroup section */

/* Begin PBXFrameworksBuildPhase section */
		DEF3CADF2B61BB9200C926ED /* Frameworks */ = {
			isa = PBXFrameworksBuildPhase;
			buildActionMask = 2147483647;
			files = (
				E3A1000B2FAF000100A10001 /* MulaCore.framework in Frameworks */,
				E284D4C62C44F49A00F72684 /* FirebaseDatabaseSwift in Frameworks */,
				E284D4C42C44F49A00F72684 /* FirebaseAuth in Frameworks */,
			);
			runOnlyForDeploymentPostprocessing = 0;
		};
		E3A100102FAF000100A10001 /* Frameworks */ = {
			isa = PBXFrameworksBuildPhase;
			buildActionMask = 2147483647;
			files = (
				E3A1000C2FAF000100A10001 /* MulaCore.framework in Frameworks */,
			);
			runOnlyForDeploymentPostprocessing = 0;
		};
		E3A1001A2FAF000100A10001 /* Frameworks */ = {
			isa = PBXFrameworksBuildPhase;
			buildActionMask = 2147483647;
			files = (
			);
			runOnlyForDeploymentPostprocessing = 0;
		};
/* End PBXFrameworksBuildPhase section */

/* Begin PBXGroup section */
		DEF3CAD92B61BB9200C926ED = {
			isa = PBXGroup;
			children = (
				DEF3CAE42B61BB9300C926ED /* Mula */,
				E3A1001B2FAF000100A10001 /* MulaCore */,
				E3A100032FAF000100A10001 /* MulaTests */,
				DEF3CAE32B61BB9300C926ED /* Products */,
				E2F955962C462E60007D2E8E /* Frameworks */,
			);
			sourceTree = "<group>";
		};
		DEF3CAE32B61BB9300C926ED /* Products */ = {
			isa = PBXGroup;
			children = (
				DEF3CAE22B61BB9300C926ED /* Mula.app */,
				E3A100152FAF000100A10001 /* MulaCore.framework */,
				E3A100012FAF000100A10001 /* MulaTests.xctest */,
			);
			name = Products;
			sourceTree = "<group>";
		};
		DEF3CAE42B61BB9300C926ED /* Mula */ = {
			isa = PBXGroup;
			children = (
				E2992F822E91DDFE00E86606 /* GoogleService-Info.plist */,
				E2992F812E91DC4400E86606 /* Mula.entitlements */,
				DEF3CAE52B61BB9300C926ED /* MulaApp.swift */,
				E252B5282FA1C5F30064A197 /* Data */,
				E252B5922FA1C6290064A197 /* Model */,
				E252B5342FA1C5FE0064A197 /* Utilities */,
				E252B56D2FA1C6090064A197 /* Views */,
				DEF3CAE92B61BB9500C926ED /* Assets.xcassets */,
				DEF3CAEB2B61BB9500C926ED /* Preview Content */,
			);
			path = Mula;
			sourceTree = "<group>";
		};
		DEF3CAEB2B61BB9500C926ED /* Preview Content */ = {
			isa = PBXGroup;
			children = (
				DEF3CAEC2B61BB9500C926ED /* Preview Assets.xcassets */,
			);
			path = "Preview Content";
			sourceTree = "<group>";
		};
		E2F955962C462E60007D2E8E /* Frameworks */ = {
			isa = PBXGroup;
			children = (
			);
			name = Frameworks;
			sourceTree = "<group>";
		};
		E3A100032FAF000100A10001 /* MulaTests */ = {
			isa = PBXGroup;
			children = (
				E3A100022FAF000100A10001 /* CSVParserTests.swift */,
				E3A1002F2FAF000100A10001 /* ImportProcessorTests.swift */,
			);
			path = MulaTests;
			sourceTree = "<group>";
		};
		E3A1001B2FAF000100A10001 /* MulaCore */ = {
			isa = PBXGroup;
			children = (
				E3A100252FAF000100A10001 /* Account.swift */,
				E3A100272FAF000100A10001 /* Bank.swift */,
				E3A100132FAF000100A10001 /* CSVParser.swift */,
				E3A1002D2FAF000100A10001 /* ImportProcessor.swift */,
				E3A100142FAF000100A10001 /* String+CSVParsing.swift */,
				E3A100292FAF000100A10001 /* Transaction.swift */,
				E3A1002B2FAF000100A10001 /* TransactionCategoryProtocol.swift */,
			);
			path = MulaCore;
			sourceTree = "<group>";
		};
/* End PBXGroup section */

/* Begin PBXNativeTarget section */
		DEF3CAE12B61BB9200C926ED /* Mula */ = {
			isa = PBXNativeTarget;
			buildConfigurationList = DEF3CAF12B61BB9500C926ED /* Build configuration list for PBXNativeTarget "Mula" */;
			buildPhases = (
				DEF3CADE2B61BB9200C926ED /* Sources */,
				DEF3CADF2B61BB9200C926ED /* Frameworks */,
				E3A100172FAF000100A10001 /* Embed Frameworks */,
				DEF3CAE02B61BB9200C926ED /* Resources */,
			);
			buildRules = (
			);
			dependencies = (
				E3A1001C2FAF000100A10001 /* PBXTargetDependency */,
			);
			fileSystemSynchronizedGroups = (
				E252B5282FA1C5F30064A197 /* Data */,
				E252B5342FA1C5FE0064A197 /* Utilities */,
				E252B56D2FA1C6090064A197 /* Views */,
				E252B5922FA1C6290064A197 /* Model */,
			);
			name = Mula;
			packageProductDependencies = (
				E284D4C32C44F49A00F72684 /* FirebaseAuth */,
				E284D4C52C44F49A00F72684 /* FirebaseDatabaseSwift */,
			);
			productName = Mula;
			productReference = DEF3CAE22B61BB9300C926ED /* Mula.app */;
			productType = "com.apple.product-type.application";
		};
		E3A100082FAF000100A10001 /* MulaTests */ = {
			isa = PBXNativeTarget;
			buildConfigurationList = E3A1000D2FAF000100A10001 /* Build configuration list for PBXNativeTarget "MulaTests" */;
			buildPhases = (
				E3A100102FAF000100A10001 /* Frameworks */,
				E3A100042FAF000100A10001 /* Sources */,
			);
			buildRules = (
			);
			dependencies = (
				E3A1001D2FAF000100A10001 /* PBXTargetDependency */,
			);
			name = MulaTests;
			packageProductDependencies = (
			);
			productName = MulaTests;
			productReference = E3A100012FAF000100A10001 /* MulaTests.xctest */;
			productType = "com.apple.product-type.bundle.unit-test";
		};
		E3A100182FAF000100A10001 /* MulaCore */ = {
			isa = PBXNativeTarget;
			buildConfigurationList = E3A1001E2FAF000100A10001 /* Build configuration list for PBXNativeTarget "MulaCore" */;
			buildPhases = (
				E3A1001F2FAF000100A10001 /* Sources */,
				E3A1001A2FAF000100A10001 /* Frameworks */,
			);
			buildRules = (
			);
			dependencies = (
			);
			name = MulaCore;
			packageProductDependencies = (
			);
			productName = MulaCore;
			productReference = E3A100152FAF000100A10001 /* MulaCore.framework */;
			productType = "com.apple.product-type.framework";
		};
/* End PBXNativeTarget section */

/* Begin PBXProject section */
		DEF3CADA2B61BB9200C926ED /* Project object */ = {
			isa = PBXProject;
			attributes = {
				BuildIndependentTargetsInParallel = 1;
				LastSwiftUpdateCheck = 1520;
				LastUpgradeCheck = 1520;
				TargetAttributes = {
					DEF3CAE12B61BB9200C926ED = {
						CreatedOnToolsVersion = 15.2;
					};
					E3A100082FAF000100A10001 = {
						CreatedOnToolsVersion = 16.0;
						TestTargetID = E3A100182FAF000100A10001;
					};
					E3A100182FAF000100A10001 = {
						CreatedOnToolsVersion = 16.0;
					};
				};
			};
			buildConfigurationList = DEF3CADD2B61BB9200C926ED /* Build configuration list for PBXProject "Mula" */;
			compatibilityVersion = "Xcode 14.0";
			developmentRegion = en;
			hasScannedForEncodings = 0;
			knownRegions = (
				en,
				Base,
			);
			mainGroup = DEF3CAD92B61BB9200C926ED;
			packageReferences = (
				E284D4C22C44F49A00F72684 /* XCRemoteSwiftPackageReference "firebase-ios-sdk" */,
			);
			productRefGroup = DEF3CAE32B61BB9300C926ED /* Products */;
			projectDirPath = "";
			projectRoot = "";
			targets = (
				DEF3CAE12B61BB9200C926ED /* Mula */,
				E3A100182FAF000100A10001 /* MulaCore */,
				E3A100082FAF000100A10001 /* MulaTests */,
			);
		};
/* End PBXProject section */

/* Begin PBXResourcesBuildPhase section */
		DEF3CAE02B61BB9200C926ED /* Resources */ = {
			isa = PBXResourcesBuildPhase;
			buildActionMask = 2147483647;
			files = (
				DEF3CAED2B61BB9500C926ED /* Preview Assets.xcassets in Resources */,
				DEF3CAEA2B61BB9500C926ED /* Assets.xcassets in Resources */,
				E2992F832E91DDFE00E86606 /* GoogleService-Info.plist in Resources */,
			);
			runOnlyForDeploymentPostprocessing = 0;
		};
/* End PBXResourcesBuildPhase section */

/* Begin PBXSourcesBuildPhase section */
		DEF3CADE2B61BB9200C926ED /* Sources */ = {
			isa = PBXSourcesBuildPhase;
			buildActionMask = 2147483647;
			files = (
				DEF3CAE62B61BB9300C926ED /* MulaApp.swift in Sources */,
			);
			runOnlyForDeploymentPostprocessing = 0;
		};
		E3A100042FAF000100A10001 /* Sources */ = {
			isa = PBXSourcesBuildPhase;
			buildActionMask = 2147483647;
			files = (
				E3A100072FAF000100A10001 /* CSVParserTests.swift in Sources */,
				E3A1002E2FAF000100A10001 /* ImportProcessorTests.swift in Sources */,
			);
			runOnlyForDeploymentPostprocessing = 0;
		};
		E3A1001F2FAF000100A10001 /* Sources */ = {
			isa = PBXSourcesBuildPhase;
			buildActionMask = 2147483647;
			files = (
				E3A100242FAF000100A10001 /* Account.swift in Sources */,
				E3A100262FAF000100A10001 /* Bank.swift in Sources */,
				E3A100122FAF000100A10001 /* String+CSVParsing.swift in Sources */,
				E3A100112FAF000100A10001 /* CSVParser.swift in Sources */,
				E3A1002C2FAF000100A10001 /* ImportProcessor.swift in Sources */,
				E3A100282FAF000100A10001 /* Transaction.swift in Sources */,
				E3A1002A2FAF000100A10001 /* TransactionCategoryProtocol.swift in Sources */,
			);
			runOnlyForDeploymentPostprocessing = 0;
		};
/* End PBXSourcesBuildPhase section */

/* Begin PBXTargetDependency section */
		E3A1001C2FAF000100A10001 /* PBXTargetDependency */ = {
			isa = PBXTargetDependency;
			target = E3A100182FAF000100A10001 /* MulaCore */;
			targetProxy = E3A100232FAF000100A10001 /* PBXContainerItemProxy */;
		};
		E3A1001D2FAF000100A10001 /* PBXTargetDependency */ = {
			isa = PBXTargetDependency;
			target = E3A100182FAF000100A10001 /* MulaCore */;
			targetProxy = E3A100052FAF000100A10001 /* PBXContainerItemProxy */;
		};
/* End PBXTargetDependency section */

/* Begin XCBuildConfiguration section */
		DEF3CAEF2B61BB9500C926ED /* Debug */ = {
			isa = XCBuildConfiguration;
			buildSettings = {
				ALWAYS_SEARCH_USER_PATHS = NO;
				ASSETCATALOG_COMPILER_GENERATE_SWIFT_ASSET_SYMBOL_EXTENSIONS = YES;
				CLANG_ANALYZER_NONNULL = YES;
				CLANG_ANALYZER_NUMBER_OBJECT_CONVERSION = YES_AGGRESSIVE;
				CLANG_CXX_LANGUAGE_STANDARD = "gnu++20";
				CLANG_ENABLE_MODULES = YES;
				CLANG_ENABLE_OBJC_ARC = YES;
				CLANG_ENABLE_OBJC_WEAK = YES;
				CLANG_WARN_BLOCK_CAPTURE_AUTORELEASING = YES;
				CLANG_WARN_BOOL_CONVERSION = YES;
				CLANG_WARN_COMMA = YES;
				CLANG_WARN_CONSTANT_CONVERSION = YES;
				CLANG_WARN_DEPRECATED_OBJC_IMPLEMENTATIONS = YES;
				CLANG_WARN_DIRECT_OBJC_ISA_USAGE = YES_ERROR;
				CLANG_WARN_DOCUMENTATION_COMMENTS = YES;
				CLANG_WARN_EMPTY_BODY = YES;
				CLANG_WARN_ENUM_CONVERSION = YES;
				CLANG_WARN_INFINITE_RECURSION = YES;
				CLANG_WARN_INT_CONVERSION = YES;
				CLANG_WARN_NON_LITERAL_NULL_CONVERSION = YES;
				CLANG_WARN_OBJC_IMPLICIT_RETAIN_SELF = YES;
				CLANG_WARN_OBJC_LITERAL_CONVERSION = YES;
				CLANG_WARN_OBJC_ROOT_CLASS = YES_ERROR;
				CLANG_WARN_QUOTED_INCLUDE_IN_FRAMEWORK_HEADER = YES;
				CLANG_WARN_RANGE_LOOP_ANALYSIS = YES;
				CLANG_WARN_STRICT_PROTOTYPES = YES;
				CLANG_WARN_SUSPICIOUS_MOVE = YES;
				CLANG_WARN_UNGUARDED_AVAILABILITY = YES_AGGRESSIVE;
				CLANG_WARN_UNREACHABLE_CODE = YES;
				CLANG_WARN__DUPLICATE_METHOD_MATCH = YES;
				COPY_PHASE_STRIP = NO;
				DEBUG_INFORMATION_FORMAT = dwarf;
				ENABLE_STRICT_OBJC_MSGSEND = YES;
				ENABLE_TESTABILITY = YES;
				ENABLE_USER_SCRIPT_SANDBOXING = YES;
				GCC_C_LANGUAGE_STANDARD = gnu17;
				GCC_DYNAMIC_NO_PIC = NO;
				GCC_NO_COMMON_BLOCKS = YES;
				GCC_OPTIMIZATION_LEVEL = 0;
				GCC_PREPROCESSOR_DEFINITIONS = (
					"DEBUG=1",
					"$(inherited)",
				);
				GCC_WARN_64_TO_32_BIT_CONVERSION = YES;
				GCC_WARN_ABOUT_RETURN_TYPE = YES_ERROR;
				GCC_WARN_UNDECLARED_SELECTOR = YES;
				GCC_WARN_UNINITIALIZED_AUTOS = YES_AGGRESSIVE;
				GCC_WARN_UNUSED_FUNCTION = YES;
				GCC_WARN_UNUSED_VARIABLE = YES;
				LOCALIZATION_PREFERS_STRING_CATALOGS = YES;
				MACOSX_DEPLOYMENT_TARGET = 14.1;
				MTL_ENABLE_DEBUG_INFO = INCLUDE_SOURCE;
				MTL_FAST_MATH = YES;
				ONLY_ACTIVE_ARCH = YES;
				SDKROOT = macosx;
				SWIFT_ACTIVE_COMPILATION_CONDITIONS = "DEBUG $(inherited)";
				SWIFT_OPTIMIZATION_LEVEL = "-Onone";
			};
			name = Debug;
		};
		DEF3CAF02B61BB9500C926ED /* Release */ = {
			isa = XCBuildConfiguration;
			buildSettings = {
				ALWAYS_SEARCH_USER_PATHS = NO;
				ASSETCATALOG_COMPILER_GENERATE_SWIFT_ASSET_SYMBOL_EXTENSIONS = YES;
				CLANG_ANALYZER_NONNULL = YES;
				CLANG_ANALYZER_NUMBER_OBJECT_CONVERSION = YES_AGGRESSIVE;
				CLANG_CXX_LANGUAGE_STANDARD = "gnu++20";
				CLANG_ENABLE_MODULES = YES;
				CLANG_ENABLE_OBJC_ARC = YES;
				CLANG_ENABLE_OBJC_WEAK = YES;
				CLANG_WARN_BLOCK_CAPTURE_AUTORELEASING = YES;
				CLANG_WARN_BOOL_CONVERSION = YES;
				CLANG_WARN_COMMA = YES;
				CLANG_WARN_CONSTANT_CONVERSION = YES;
				CLANG_WARN_DEPRECATED_OBJC_IMPLEMENTATIONS = YES;
				CLANG_WARN_DIRECT_OBJC_ISA_USAGE = YES_ERROR;
				CLANG_WARN_DOCUMENTATION_COMMENTS = YES;
				CLANG_WARN_EMPTY_BODY = YES;
				CLANG_WARN_ENUM_CONVERSION = YES;
				CLANG_WARN_INFINITE_RECURSION = YES;
				CLANG_WARN_INT_CONVERSION = YES;
				CLANG_WARN_NON_LITERAL_NULL_CONVERSION = YES;
				CLANG_WARN_OBJC_IMPLICIT_RETAIN_SELF = YES;
				CLANG_WARN_OBJC_LITERAL_CONVERSION = YES;
				CLANG_WARN_OBJC_ROOT_CLASS = YES_ERROR;
				CLANG_WARN_QUOTED_INCLUDE_IN_FRAMEWORK_HEADER = YES;
				CLANG_WARN_RANGE_LOOP_ANALYSIS = YES;
				CLANG_WARN_STRICT_PROTOTYPES = YES;
				CLANG_WARN_SUSPICIOUS_MOVE = YES;
				CLANG_WARN_UNGUARDED_AVAILABILITY = YES_AGGRESSIVE;
				CLANG_WARN_UNREACHABLE_CODE = YES;
				CLANG_WARN__DUPLICATE_METHOD_MATCH = YES;
				COPY_PHASE_STRIP = NO;
				DEBUG_INFORMATION_FORMAT = "dwarf-with-dsym";
				ENABLE_NS_ASSERTIONS = NO;
				ENABLE_STRICT_OBJC_MSGSEND = YES;
				ENABLE_USER_SCRIPT_SANDBOXING = YES;
				GCC_C_LANGUAGE_STANDARD = gnu17;
				GCC_NO_COMMON_BLOCKS = YES;
				GCC_WARN_64_TO_32_BIT_CONVERSION = YES;
				GCC_WARN_ABOUT_RETURN_TYPE = YES_ERROR;
				GCC_WARN_UNDECLARED_SELECTOR = YES;
				GCC_WARN_UNINITIALIZED_AUTOS = YES_AGGRESSIVE;
				GCC_WARN_UNUSED_FUNCTION = YES;
				GCC_WARN_UNUSED_VARIABLE = YES;
				LOCALIZATION_PREFERS_STRING_CATALOGS = YES;
				MACOSX_DEPLOYMENT_TARGET = 14.1;
				MTL_ENABLE_DEBUG_INFO = NO;
				MTL_FAST_MATH = YES;
				SDKROOT = macosx;
				SWIFT_COMPILATION_MODE = wholemodule;
			};
			name = Release;
		};
		DEF3CAF22B61BB9500C926ED /* Debug */ = {
			isa = XCBuildConfiguration;
			buildSettings = {
				ASSETCATALOG_COMPILER_APPICON_NAME = AppIcon;
				ASSETCATALOG_COMPILER_GLOBAL_ACCENT_COLOR_NAME = AccentColor;
				CODE_SIGN_ENTITLEMENTS = Mula/Mula.entitlements;
				CODE_SIGN_IDENTITY = "Apple Development";
				CODE_SIGN_STYLE = Automatic;
				COMBINE_HIDPI_IMAGES = YES;
				CURRENT_PROJECT_VERSION = 1;
				DEVELOPMENT_ASSET_PATHS = "\"Mula/Preview Content\"";
				DEVELOPMENT_TEAM = S85ULMGGX9;
				ENABLE_HARDENED_RUNTIME = YES;
				ENABLE_PREVIEWS = YES;
				GENERATE_INFOPLIST_FILE = YES;
				INFOPLIST_KEY_NSHumanReadableCopyright = "";
				LD_RUNPATH_SEARCH_PATHS = (
					"$(inherited)",
					"@executable_path/../Frameworks",
				);
				MACOSX_DEPLOYMENT_TARGET = 14.0;
				MARKETING_VERSION = 1.0;
				PRODUCT_BUNDLE_IDENTIFIER = com.kayapps.Mula;
				PRODUCT_NAME = "$(TARGET_NAME)";
				PROVISIONING_PROFILE_SPECIFIER = "";
				SUPPORTED_PLATFORMS = macosx;
				SUPPORTS_MACCATALYST = NO;
				SUPPORTS_MAC_DESIGNED_FOR_IPHONE_IPAD = NO;
				SWIFT_EMIT_LOC_STRINGS = YES;
				SWIFT_VERSION = 5.0;
			};
			name = Debug;
		};
		DEF3CAF32B61BB9500C926ED /* Release */ = {
			isa = XCBuildConfiguration;
			buildSettings = {
				ASSETCATALOG_COMPILER_APPICON_NAME = AppIcon;
				ASSETCATALOG_COMPILER_GLOBAL_ACCENT_COLOR_NAME = AccentColor;
				CODE_SIGN_ENTITLEMENTS = Mula/Mula.entitlements;
				CODE_SIGN_IDENTITY = "Apple Development";
				CODE_SIGN_STYLE = Automatic;
				COMBINE_HIDPI_IMAGES = YES;
				CURRENT_PROJECT_VERSION = 1;
				DEVELOPMENT_ASSET_PATHS = "\"Mula/Preview Content\"";
				DEVELOPMENT_TEAM = S85ULMGGX9;
				ENABLE_HARDENED_RUNTIME = YES;
				ENABLE_PREVIEWS = YES;
				GENERATE_INFOPLIST_FILE = YES;
				INFOPLIST_KEY_NSHumanReadableCopyright = "";
				LD_RUNPATH_SEARCH_PATHS = (
					"$(inherited)",
					"@executable_path/../Frameworks",
				);
				MACOSX_DEPLOYMENT_TARGET = 14.0;
				MARKETING_VERSION = 1.0;
				PRODUCT_BUNDLE_IDENTIFIER = com.kayapps.Mula;
				PRODUCT_NAME = "$(TARGET_NAME)";
				PROVISIONING_PROFILE_SPECIFIER = "";
				SUPPORTED_PLATFORMS = macosx;
				SUPPORTS_MACCATALYST = NO;
				SUPPORTS_MAC_DESIGNED_FOR_IPHONE_IPAD = NO;
				SWIFT_EMIT_LOC_STRINGS = YES;
				SWIFT_VERSION = 5.0;
			};
			name = Release;
		};
		E3A100092FAF000100A10001 /* Debug */ = {
			isa = XCBuildConfiguration;
			buildSettings = {
				CODE_SIGN_IDENTITY = "Apple Development";
				CODE_SIGN_STYLE = Automatic;
				DEVELOPMENT_TEAM = S85ULMGGX9;
				GENERATE_INFOPLIST_FILE = YES;
				LD_RUNPATH_SEARCH_PATHS = (
					"$(inherited)",
					"@executable_path/../Frameworks",
					"@loader_path/../Frameworks",
				);
				MACOSX_DEPLOYMENT_TARGET = 14.0;
				PRODUCT_BUNDLE_IDENTIFIER = com.kayapps.MulaTests;
				PRODUCT_NAME = "$(TARGET_NAME)";
				PROVISIONING_PROFILE_SPECIFIER = "";
				SDKROOT = macosx;
				SWIFT_VERSION = 5.0;
			};
			name = Debug;
		};
		E3A1000A2FAF000100A10001 /* Release */ = {
			isa = XCBuildConfiguration;
			buildSettings = {
				CODE_SIGN_IDENTITY = "Apple Development";
				CODE_SIGN_STYLE = Automatic;
				DEVELOPMENT_TEAM = S85ULMGGX9;
				GENERATE_INFOPLIST_FILE = YES;
				LD_RUNPATH_SEARCH_PATHS = (
					"$(inherited)",
					"@executable_path/../Frameworks",
					"@loader_path/../Frameworks",
				);
				MACOSX_DEPLOYMENT_TARGET = 14.0;
				PRODUCT_BUNDLE_IDENTIFIER = com.kayapps.MulaTests;
				PRODUCT_NAME = "$(TARGET_NAME)";
				PROVISIONING_PROFILE_SPECIFIER = "";
				SDKROOT = macosx;
				SWIFT_VERSION = 5.0;
			};
			name = Release;
		};
		E3A100202FAF000100A10001 /* Debug */ = {
			isa = XCBuildConfiguration;
			buildSettings = {
				CODE_SIGN_IDENTITY = "";
				COMBINE_HIDPI_IMAGES = YES;
				CURRENT_PROJECT_VERSION = 1;
				DEFINES_MODULE = YES;
				DYLIB_COMPATIBILITY_VERSION = 1;
				DYLIB_CURRENT_VERSION = 1;
				DYLIB_INSTALL_NAME_BASE = "@rpath";
				GENERATE_INFOPLIST_FILE = YES;
				INSTALL_PATH = "$(LOCAL_LIBRARY_DIR)/Frameworks";
				LD_RUNPATH_SEARCH_PATHS = (
					"$(inherited)",
					"@executable_path/../Frameworks",
				);
				MACOSX_DEPLOYMENT_TARGET = 14.0;
				PRODUCT_BUNDLE_IDENTIFIER = com.kayapps.MulaCore;
				PRODUCT_NAME = "$(TARGET_NAME)";
				SDKROOT = macosx;
				SKIP_INSTALL = YES;
				SWIFT_VERSION = 5.0;
				VERSIONING_SYSTEM = "apple-generic";
			};
			name = Debug;
		};
		E3A100212FAF000100A10001 /* Release */ = {
			isa = XCBuildConfiguration;
			buildSettings = {
				CODE_SIGN_IDENTITY = "";
				COMBINE_HIDPI_IMAGES = YES;
				CURRENT_PROJECT_VERSION = 1;
				DEFINES_MODULE = YES;
				DYLIB_COMPATIBILITY_VERSION = 1;
				DYLIB_CURRENT_VERSION = 1;
				DYLIB_INSTALL_NAME_BASE = "@rpath";
				GENERATE_INFOPLIST_FILE = YES;
				INSTALL_PATH = "$(LOCAL_LIBRARY_DIR)/Frameworks";
				LD_RUNPATH_SEARCH_PATHS = (
					"$(inherited)",
					"@executable_path/../Frameworks",
				);
				MACOSX_DEPLOYMENT_TARGET = 14.0;
				PRODUCT_BUNDLE_IDENTIFIER = com.kayapps.MulaCore;
				PRODUCT_NAME = "$(TARGET_NAME)";
				SDKROOT = macosx;
				SKIP_INSTALL = YES;
				SWIFT_VERSION = 5.0;
				VERSIONING_SYSTEM = "apple-generic";
			};
			name = Release;
		};
/* End XCBuildConfiguration section */

/* Begin XCConfigurationList section */
		DEF3CADD2B61BB9200C926ED /* Build configuration list for PBXProject "Mula" */ = {
			isa = XCConfigurationList;
			buildConfigurations = (
				DEF3CAEF2B61BB9500C926ED /* Debug */,
				DEF3CAF02B61BB9500C926ED /* Release */,
			);
			defaultConfigurationIsVisible = 0;
			defaultConfigurationName = Release;
		};
		DEF3CAF12B61BB9500C926ED /* Build configuration list for PBXNativeTarget "Mula" */ = {
			isa = XCConfigurationList;
			buildConfigurations = (
				DEF3CAF22B61BB9500C926ED /* Debug */,
				DEF3CAF32B61BB9500C926ED /* Release */,
			);
			defaultConfigurationIsVisible = 0;
			defaultConfigurationName = Release;
		};
		E3A1000D2FAF000100A10001 /* Build configuration list for PBXNativeTarget "MulaTests" */ = {
			isa = XCConfigurationList;
			buildConfigurations = (
				E3A100092FAF000100A10001 /* Debug */,
				E3A1000A2FAF000100A10001 /* Release */,
			);
			defaultConfigurationIsVisible = 0;
			defaultConfigurationName = Release;
		};
		E3A1001E2FAF000100A10001 /* Build configuration list for PBXNativeTarget "MulaCore" */ = {
			isa = XCConfigurationList;
			buildConfigurations = (
				E3A100202FAF000100A10001 /* Debug */,
				E3A100212FAF000100A10001 /* Release */,
			);
			defaultConfigurationIsVisible = 0;
			defaultConfigurationName = Release;
		};
/* End XCConfigurationList section */

/* Begin XCRemoteSwiftPackageReference section */
		E284D4C22C44F49A00F72684 /* XCRemoteSwiftPackageReference "firebase-ios-sdk" */ = {
			isa = XCRemoteSwiftPackageReference;
			repositoryURL = "https://github.com/firebase/firebase-ios-sdk";
			requirement = {
				kind = upToNextMajorVersion;
				minimumVersion = 10.29.0;
			};
		};
/* End XCRemoteSwiftPackageReference section */

/* Begin XCSwiftPackageProductDependency section */
		E284D4C32C44F49A00F72684 /* FirebaseAuth */ = {
			isa = XCSwiftPackageProductDependency;
			package = E284D4C22C44F49A00F72684 /* XCRemoteSwiftPackageReference "firebase-ios-sdk" */;
			productName = FirebaseAuth;
		};
		E284D4C52C44F49A00F72684 /* FirebaseDatabaseSwift */ = {
			isa = XCSwiftPackageProductDependency;
			package = E284D4C22C44F49A00F72684 /* XCRemoteSwiftPackageReference "firebase-ios-sdk" */;
			productName = FirebaseDatabaseSwift;
		};
/* End XCSwiftPackageProductDependency section */
	};
	rootObject = DEF3CADA2B61BB9200C926ED /* Project object */;
}
