// !$*UTF8*$!
{
	archiveVersion = 1;
	classes = {
	};
	objectVersion = 56;
	objects = {

/* Begin PBXBuildFile section */
		DE9AF9312B7851F700D1F4DC /* UploadFormView.swift in Sources */ = {isa = PBXBuildFile; fileRef = DE9AF9302B7851F700D1F4DC /* UploadFormView.swift */; };
		DE9AF9B52BA2C4AF00D1F4DC /* PieChartView.swift in Sources */ = {isa = PBXBuildFile; fileRef = DE9AF9B42BA2C4AF00D1F4DC /* PieChartView.swift */; };
		DEF3CAE62B61BB9300C926ED /* MulaApp.swift in Sources */ = {isa = PBXBuildFile; fileRef = DEF3CAE52B61BB9300C926ED /* MulaApp.swift */; };
		DEF3CAE82B61BB9300C926ED /* ContentView.swift in Sources */ = {isa = PBXBuildFile; fileRef = DEF3CAE72B61BB9300C926ED /* ContentView.swift */; };
		DEF3CAEA2B61BB9500C926ED /* Assets.xcassets in Resources */ = {isa = PBXBuildFile; fileRef = DEF3CAE92B61BB9500C926ED /* Assets.xcassets */; };
		DEF3CAED2B61BB9500C926ED /* Preview Assets.xcassets in Resources */ = {isa = PBXBuildFile; fileRef = DEF3CAEC2B61BB9500C926ED /* Preview Assets.xcassets */; };
		DEF8FE172B6AE51D00D10468 /* Category.swift in Sources */ = {isa = PBXBuildFile; fileRef = DEF8FE162B6AE51D00D10468 /* Category.swift */; };
		DEF8FE192B6B976E00D10468 /* ExpenseFormView.swift in Sources */ = {isa = PBXBuildFile; fileRef = DEF8FE182B6B976E00D10468 /* ExpenseFormView.swift */; };
		DEF8FE1C2B6B989A00D10468 /* Extensions.swift in Sources */ = {isa = PBXBuildFile; fileRef = DEF8FE1B2B6B989A00D10468 /* Extensions.swift */; };
		DEF8FE222B6B9E1000D10468 /* SummaryView.swift in Sources */ = {isa = PBXBuildFile; fileRef = DEF8FE212B6B9E1000D10468 /* SummaryView.swift */; };
		E253C8F02C4C74D100739FAD /* ExpenseView.swift in Sources */ = {isa = PBXBuildFile; fileRef = E253C8EF2C4C74D100739FAD /* ExpenseView.swift */; };
		E253C8F22C4C949B00739FAD /* RowView.swift in Sources */ = {isa = PBXBuildFile; fileRef = E253C8F12C4C949B00739FAD /* RowView.swift */; };
		E253C8F62C4C98EA00739FAD /* Constants.swift in Sources */ = {isa = PBXBuildFile; fileRef = E253C8F42C4C98E700739FAD /* Constants.swift */; };
		E253C8FB2C51E4DA00739FAD /* ExpenseSwipeActionsModifier.swift in Sources */ = {isa = PBXBuildFile; fileRef = E253C8FA2C51E4DA00739FAD /* ExpenseSwipeActionsModifier.swift */; };
		E253C9042C5B256700739FAD /* ExpenseAmountView.swift in Sources */ = {isa = PBXBuildFile; fileRef = E253C9032C5B256700739FAD /* ExpenseAmountView.swift */; };
		E253C9072C5DDDEC00739FAD /* SearchBarView.swift in Sources */ = {isa = PBXBuildFile; fileRef = E253C9062C5DDDEC00739FAD /* SearchBarView.swift */; };
		E253C9112C61D5B100739FAD /* SignInView.swift in Sources */ = {isa = PBXBuildFile; fileRef = E253C9102C61D5AC00739FAD /* SignInView.swift */; };
		E27223DE2BF9C2FE0065089A /* Expense.swift in Sources */ = {isa = PBXBuildFile; fileRef = E27223DD2BF9C2FE0065089A /* Expense.swift */; };
		E27223EB2C15136E0065089A /* Bank.swift in Sources */ = {isa = PBXBuildFile; fileRef = E27223EA2C15136E0065089A /* Bank.swift */; };
		E27223ED2C1EB5CC0065089A /* ProgressBar.swift in Sources */ = {isa = PBXBuildFile; fileRef = E27223EC2C1EB5CC0065089A /* ProgressBar.swift */; };
		E27223EF2C1FF14E0065089A /* Tab.swift in Sources */ = {isa = PBXBuildFile; fileRef = E27223EE2C1FF14E0065089A /* Tab.swift */; };
		E27223F12C1FF2300065089A /* ExpensesView.swift in Sources */ = {isa = PBXBuildFile; fileRef = E27223F02C1FF2300065089A /* ExpensesView.swift */; };
		E284D49F2C28CA8900F72684 /* ChartView.swift in Sources */ = {isa = PBXBuildFile; fileRef = E284D49E2C28CA8900F72684 /* ChartView.swift */; };
		E284D4A12C28CBCE00F72684 /* HomeView.swift in Sources */ = {isa = PBXBuildFile; fileRef = E284D4A02C28CBCE00F72684 /* HomeView.swift */; };
		E284D4AC2C3CF42800F72684 /* TileView.swift in Sources */ = {isa = PBXBuildFile; fileRef = E284D4AA2C3CF42800F72684 /* TileView.swift */; };
		E284D4B22C3CF44700F72684 /* Bucket.swift in Sources */ = {isa = PBXBuildFile; fileRef = E284D4B12C3CF43800F72684 /* Bucket.swift */; };
		E284D4C42C44F49A00F72684 /* FirebaseAuth in Frameworks */ = {isa = PBXBuildFile; productRef = E284D4C32C44F49A00F72684 /* FirebaseAuth */; };
		E284D4C62C44F49A00F72684 /* FirebaseDatabaseSwift in Frameworks */ = {isa = PBXBuildFile; productRef = E284D4C52C44F49A00F72684 /* FirebaseDatabaseSwift */; };
		E284D4CC2C44FDC500F72684 /* DataManager.swift in Sources */ = {isa = PBXBuildFile; fileRef = E284D4CA2C44FDC300F72684 /* DataManager.swift */; };
		E2992F832E91DDFE00E86606 /* GoogleService-Info.plist in Resources */ = {isa = PBXBuildFile; fileRef = E2992F822E91DDFE00E86606 /* GoogleService-Info.plist */; };
		E2F9559D2C46315E007D2E8E /* HeaderView.swift in Sources */ = {isa = PBXBuildFile; fileRef = E2F9559B2C46315E007D2E8E /* HeaderView.swift */; };
/* End PBXBuildFile section */

/* Begin PBXFileReference section */
		DE9AF9302B7851F700D1F4DC /* UploadFormView.swift */ = {isa = PBXFileReference; lastKnownFileType = sourcecode.swift; path = UploadFormView.swift; sourceTree = "<group>"; };
		DE9AF9B42BA2C4AF00D1F4DC /* PieChartView.swift */ = {isa = PBXFileReference; lastKnownFileType = sourcecode.swift; path = PieChartView.swift; sourceTree = "<group>"; };
		DEF3CAE22B61BB9300C926ED /* Mula.app */ = {isa = PBXFileReference; explicitFileType = wrapper.application; includeInIndex = 0; path = Mula.app; sourceTree = BUILT_PRODUCTS_DIR; };
		DEF3CAE52B61BB9300C926ED /* MulaApp.swift */ = {isa = PBXFileReference; lastKnownFileType = sourcecode.swift; path = MulaApp.swift; sourceTree = "<group>"; };
		DEF3CAE72B61BB9300C926ED /* ContentView.swift */ = {isa = PBXFileReference; lastKnownFileType = sourcecode.swift; path = ContentView.swift; sourceTree = "<group>"; };
		DEF3CAE92B61BB9500C926ED /* Assets.xcassets */ = {isa = PBXFileReference; lastKnownFileType = folder.assetcatalog; path = Assets.xcassets; sourceTree = "<group>"; };
		DEF3CAEC2B61BB9500C926ED /* Preview Assets.xcassets */ = {isa = PBXFileReference; lastKnownFileType = folder.assetcatalog; path = "Preview Assets.xcassets"; sourceTree = "<group>"; };
		DEF8FE162B6AE51D00D10468 /* Category.swift */ = {isa = PBXFileReference; lastKnownFileType = sourcecode.swift; path = Category.swift; sourceTree = "<group>"; };
		DEF8FE182B6B976E00D10468 /* ExpenseFormView.swift */ = {isa = PBXFileReference; lastKnownFileType = sourcecode.swift; path = ExpenseFormView.swift; sourceTree = "<group>"; };
		DEF8FE1B2B6B989A00D10468 /* Extensions.swift */ = {isa = PBXFileReference; lastKnownFileType = sourcecode.swift; path = Extensions.swift; sourceTree = "<group>"; };
		DEF8FE1D2B6B995500D10468 /* ExpenseView.swift */ = {isa = PBXFileReference; lastKnownFileType = sourcecode.swift; path = ExpenseView.swift; sourceTree = "<group>"; };
		DEF8FE212B6B9E1000D10468 /* SummaryView.swift */ = {isa = PBXFileReference; lastKnownFileType = sourcecode.swift; path = SummaryView.swift; sourceTree = "<group>"; };
		E253C8EC2C4C6C6100739FAD /* ExpenseFormView.swift */ = {isa = PBXFileReference; lastKnownFileType = sourcecode.swift; path = ExpenseFormView.swift; sourceTree = "<group>"; };
		E253C8EF2C4C74D100739FAD /* ExpenseView.swift */ = {isa = PBXFileReference; lastKnownFileType = sourcecode.swift; path = ExpenseView.swift; sourceTree = "<group>"; };
		E253C8F12C4C949B00739FAD /* RowView.swift */ = {isa = PBXFileReference; lastKnownFileType = sourcecode.swift; path = RowView.swift; sourceTree = "<group>"; };
		E253C8F42C4C98E700739FAD /* Constants.swift */ = {isa = PBXFileReference; lastKnownFileType = sourcecode.swift; path = Constants.swift; sourceTree = "<group>"; };
		E253C8FA2C51E4DA00739FAD /* ExpenseSwipeActionsModifier.swift */ = {isa = PBXFileReference; lastKnownFileType = sourcecode.swift; path = ExpenseSwipeActionsModifier.swift; sourceTree = "<group>"; };
		E253C8FD2C51EA6500739FAD /* ExpenseEditView.swift */ = {isa = PBXFileReference; lastKnownFileType = sourcecode.swift; path = ExpenseEditView.swift; sourceTree = "<group>"; };
		E253C9002C5211FD00739FAD /* ExpenseAddView.swift */ = {isa = PBXFileReference; lastKnownFileType = sourcecode.swift; path = ExpenseAddView.swift; sourceTree = "<group>"; };
		E253C9032C5B256700739FAD /* ExpenseAmountView.swift */ = {isa = PBXFileReference; lastKnownFileType = sourcecode.swift; path = ExpenseAmountView.swift; sourceTree = "<group>"; };
		E253C9062C5DDDEC00739FAD /* SearchBarView.swift */ = {isa = PBXFileReference; lastKnownFileType = sourcecode.swift; path = SearchBarView.swift; sourceTree = "<group>"; };
		E253C9102C61D5AC00739FAD /* SignInView.swift */ = {isa = PBXFileReference; lastKnownFileType = sourcecode.swift; path = SignInView.swift; sourceTree = "<group>"; };
		E27223DD2BF9C2FE0065089A /* Expense.swift */ = {isa = PBXFileReference; lastKnownFileType = sourcecode.swift; path = Expense.swift; sourceTree = "<group>"; };
		E27223EA2C15136E0065089A /* Bank.swift */ = {isa = PBXFileReference; lastKnownFileType = sourcecode.swift; path = Bank.swift; sourceTree = "<group>"; };
		E27223EC2C1EB5CC0065089A /* ProgressBar.swift */ = {isa = PBXFileReference; lastKnownFileType = sourcecode.swift; path = ProgressBar.swift; sourceTree = "<group>"; };
		E27223EE2C1FF14E0065089A /* Tab.swift */ = {isa = PBXFileReference; lastKnownFileType = sourcecode.swift; path = Tab.swift; sourceTree = "<group>"; };
		E27223F02C1FF2300065089A /* ExpensesView.swift */ = {isa = PBXFileReference; lastKnownFileType = sourcecode.swift; path = ExpensesView.swift; sourceTree = "<group>"; };
		E284D49E2C28CA8900F72684 /* ChartView.swift */ = {isa = PBXFileReference; lastKnownFileType = sourcecode.swift; path = ChartView.swift; sourceTree = "<group>"; };
		E284D4A02C28CBCE00F72684 /* HomeView.swift */ = {isa = PBXFileReference; lastKnownFileType = sourcecode.swift; path = HomeView.swift; sourceTree = "<group>"; };
		E284D4A92C3CF42800F72684 /* HomeView.swift */ = {isa = PBXFileReference; lastKnownFileType = sourcecode.swift; path = HomeView.swift; sourceTree = "<group>"; };
		E284D4AA2C3CF42800F72684 /* TileView.swift */ = {isa = PBXFileReference; lastKnownFileType = sourcecode.swift; path = TileView.swift; sourceTree = "<group>"; };
		E284D4B12C3CF43800F72684 /* Bucket.swift */ = {isa = PBXFileReference; lastKnownFileType = sourcecode.swift; path = Bucket.swift; sourceTree = "<group>"; };
		E284D4B62C44482000F72684 /* ContentView.swift */ = {isa = PBXFileReference; lastKnownFileType = sourcecode.swift; path = ContentView.swift; sourceTree = "<group>"; };
		E284D4BC2C444AAF00F72684 /* ExpensesListView.swift */ = {isa = PBXFileReference; lastKnownFileType = sourcecode.swift; path = ExpensesListView.swift; sourceTree = "<group>"; };
		E284D4CA2C44FDC300F72684 /* DataManager.swift */ = {isa = PBXFileReference; lastKnownFileType = sourcecode.swift; path = DataManager.swift; sourceTree = "<group>"; };
		E2992F812E91DC4400E86606 /* Mula.entitlements */ = {isa = PBXFileReference; lastKnownFileType = text.plist.entitlements; path = Mula.entitlements; sourceTree = "<group>"; };
		E2992F822E91DDFE00E86606 /* GoogleService-Info.plist */ = {isa = PBXFileReference; lastKnownFileType = text.plist.xml; path = "GoogleService-Info.plist"; sourceTree = "<group>"; };
		E2E1AA3B2C64778200E7B459 /* ExpensesView.swift */ = {isa = PBXFileReference; lastKnownFileType = sourcecode.swift; path = ExpensesView.swift; sourceTree = "<group>"; };
		E2F9559B2C46315E007D2E8E /* HeaderView.swift */ = {isa = PBXFileReference; lastKnownFileType = sourcecode.swift; path = HeaderView.swift; sourceTree = "<group>"; };
/* End PBXFileReference section */

/* Begin PBXFrameworksBuildPhase section */
		DEF3CADF2B61BB9200C926ED /* Frameworks */ = {
			isa = PBXFrameworksBuildPhase;
			buildActionMask = 2147483647;
			files = (
				E284D4C62C44F49A00F72684 /* FirebaseDatabaseSwift in Frameworks */,
				E284D4C42C44F49A00F72684 /* FirebaseAuth in Frameworks */,
			);
			runOnlyForDeploymentPostprocessing = 0;
		};
/* End PBXFrameworksBuildPhase section */

/* Begin PBXGroup section */
		DEF3CAD92B61BB9200C926ED = {
			isa = PBXGroup;
			children = (
				DEF3CAE42B61BB9300C926ED /* Mula */,
				DEF3CAE32B61BB9300C926ED /* Products */,
				E2F955962C462E60007D2E8E /* Frameworks */,
			);
			sourceTree = "<group>";
		};
		DEF3CAE32B61BB9300C926ED /* Products */ = {
			isa = PBXGroup;
			children = (
				DEF3CAE22B61BB9300C926ED /* Mula.app */,
			);
			name = Products;
			sourceTree = "<group>";
		};
		DEF3CAE42B61BB9300C926ED /* Mula */ = {
			isa = PBXGroup;
			children = (
				E2992F822E91DDFE00E86606 /* GoogleService-Info.plist */,
				E2992F812E91DC4400E86606 /* Mula.entitlements */,
				DEF3CAE52B61BB9300C926ED /* MulaApp.swift */,
				E288FB0E2C275D7D00B6D57A /* Shared */,
				E288FB0F2C275E1800B6D57A /* iOS */,
				E288FB102C275E2400B6D57A /* macOS */,
				DEF3CAE92B61BB9500C926ED /* Assets.xcassets */,
				DEF3CAEB2B61BB9500C926ED /* Preview Content */,
			);
			path = Mula;
			sourceTree = "<group>";
		};
		DEF3CAEB2B61BB9500C926ED /* Preview Content */ = {
			isa = PBXGroup;
			children = (
				DEF3CAEC2B61BB9500C926ED /* Preview Assets.xcassets */,
			);
			path = "Preview Content";
			sourceTree = "<group>";
		};
		DEF3CAFA2B61BD2000C926ED /* Model */ = {
			isa = PBXGroup;
			children = (
				DEF8FE162B6AE51D00D10468 /* Category.swift */,
				E27223DD2BF9C2FE0065089A /* Expense.swift */,
				E27223EA2C15136E0065089A /* Bank.swift */,
				E27223EE2C1FF14E0065089A /* Tab.swift */,
			);
			path = Model;
			sourceTree = "<group>";
		};
		DEF3CB032B61BFD800C926ED /* Views */ = {
			isa = PBXGroup;
			children = (
				E27223F02C1FF2300065089A /* ExpensesView.swift */,
				DEF3CAE72B61BB9300C926ED /* ContentView.swift */,
				DEF8FE182B6B976E00D10468 /* ExpenseFormView.swift */,
				DEF8FE212B6B9E1000D10468 /* SummaryView.swift */,
				DE9AF9302B7851F700D1F4DC /* UploadFormView.swift */,
				DE9AF9B42BA2C4AF00D1F4DC /* PieChartView.swift */,
				E284D4A02C28CBCE00F72684 /* HomeView.swift */,
				E253C8EF2C4C74D100739FAD /* ExpenseView.swift */,
			);
			path = Views;
			sourceTree = "<group>";
		};
		DEF8FE1A2B6B988C00D10468 /* Utilities */ = {
			isa = PBXGroup;
			children = (
				E253C8F42C4C98E700739FAD /* Constants.swift */,
				DEF8FE1B2B6B989A00D10468 /* Extensions.swift */,
			);
			path = Utilities;
			sourceTree = "<group>";
		};
		E284D4AB2C3CF42800F72684 /* Views */ = {
			isa = PBXGroup;
			children = (
				E253C9102C61D5AC00739FAD /* SignInView.swift */,
				E253C9002C5211FD00739FAD /* ExpenseAddView.swift */,
				E284D4BC2C444AAF00F72684 /* ExpensesListView.swift */,
				E253C8FD2C51EA6500739FAD /* ExpenseEditView.swift */,
				E284D4A92C3CF42800F72684 /* HomeView.swift */,
				E284D4B62C44482000F72684 /* ContentView.swift */,
				E284D4AA2C3CF42800F72684 /* TileView.swift */,
				E2F9559B2C46315E007D2E8E /* HeaderView.swift */,
				E253C8EC2C4C6C6100739FAD /* ExpenseFormView.swift */,
				E253C8F12C4C949B00739FAD /* RowView.swift */,
				E253C8FA2C51E4DA00739FAD /* ExpenseSwipeActionsModifier.swift */,
				E253C9062C5DDDEC00739FAD /* SearchBarView.swift */,
				E2E1AA3B2C64778200E7B459 /* ExpensesView.swift */,
			);
			path = Views;
			sourceTree = "<group>";
		};
		E284D4B02C3CF43200F72684 /* Models */ = {
			isa = PBXGroup;
			children = (
				E284D4B12C3CF43800F72684 /* Bucket.swift */,
			);
			path = Models;
			sourceTree = "<group>";
		};
		E288FB0E2C275D7D00B6D57A /* Shared */ = {
			isa = PBXGroup;
			children = (
				E284D4CA2C44FDC300F72684 /* DataManager.swift */,
				DEF3CAFA2B61BD2000C926ED /* Model */,
				DEF8FE1A2B6B988C00D10468 /* Utilities */,
				E288FB112C275E3400B6D57A /* Views */,
			);
			path = Shared;
			sourceTree = "<group>";
		};
		E288FB0F2C275E1800B6D57A /* iOS */ = {
			isa = PBXGroup;
			children = (
				E284D4B02C3CF43200F72684 /* Models */,
				E284D4AB2C3CF42800F72684 /* Views */,
			);
			path = iOS;
			sourceTree = "<group>";
		};
		E288FB102C275E2400B6D57A /* macOS */ = {
			isa = PBXGroup;
			children = (
				DEF3CB032B61BFD800C926ED /* Views */,
			);
			path = macOS;
			sourceTree = "<group>";
		};
		E288FB112C275E3400B6D57A /* Views */ = {
			isa = PBXGroup;
			children = (
				DEF8FE1D2B6B995500D10468 /* ExpenseView.swift */,
				E253C9032C5B256700739FAD /* ExpenseAmountView.swift */,
				E27223EC2C1EB5CC0065089A /* ProgressBar.swift */,
				E284D49E2C28CA8900F72684 /* ChartView.swift */,
			);
			path = Views;
			sourceTree = "<group>";
		};
		E2F955962C462E60007D2E8E /* Frameworks */ = {
			isa = PBXGroup;
			children = (
			);
			name = Frameworks;
			sourceTree = "<group>";
		};
/* End PBXGroup section */

/* Begin PBXNativeTarget section */
		DEF3CAE12B61BB9200C926ED /* Mula */ = {
			isa = PBXNativeTarget;
			buildConfigurationList = DEF3CAF12B61BB9500C926ED /* Build configuration list for PBXNativeTarget "Mula" */;
			buildPhases = (
				DEF3CADE2B61BB9200C926ED /* Sources */,
				DEF3CADF2B61BB9200C926ED /* Frameworks */,
				DEF3CAE02B61BB9200C926ED /* Resources */,
			);
			buildRules = (
			);
			dependencies = (
			);
			name = Mula;
			packageProductDependencies = (
				E284D4C32C44F49A00F72684 /* FirebaseAuth */,
				E284D4C52C44F49A00F72684 /* FirebaseDatabaseSwift */,
			);
			productName = Mula;
			productReference = DEF3CAE22B61BB9300C926ED /* Mula.app */;
			productType = "com.apple.product-type.application";
		};
/* End PBXNativeTarget section */

/* Begin PBXProject section */
		DEF3CADA2B61BB9200C926ED /* Project object */ = {
			isa = PBXProject;
			attributes = {
				BuildIndependentTargetsInParallel = 1;
				LastSwiftUpdateCheck = 1520;
				LastUpgradeCheck = 1520;
				TargetAttributes = {
					DEF3CAE12B61BB9200C926ED = {
						CreatedOnToolsVersion = 15.2;
					};
				};
			};
			buildConfigurationList = DEF3CADD2B61BB9200C926ED /* Build configuration list for PBXProject "Mula" */;
			compatibilityVersion = "Xcode 14.0";
			developmentRegion = en;
			hasScannedForEncodings = 0;
			knownRegions = (
				en,
				Base,
			);
			mainGroup = DEF3CAD92B61BB9200C926ED;
			packageReferences = (
				E284D4C22C44F49A00F72684 /* XCRemoteSwiftPackageReference "firebase-ios-sdk" */,
			);
			productRefGroup = DEF3CAE32B61BB9300C926ED /* Products */;
			projectDirPath = "";
			projectRoot = "";
			targets = (
				DEF3CAE12B61BB9200C926ED /* Mula */,
			);
		};
/* End PBXProject section */

/* Begin PBXResourcesBuildPhase section */
		DEF3CAE02B61BB9200C926ED /* Resources */ = {
			isa = PBXResourcesBuildPhase;
			buildActionMask = 2147483647;
			files = (
				DEF3CAED2B61BB9500C926ED /* Preview Assets.xcassets in Resources */,
				DEF3CAEA2B61BB9500C926ED /* Assets.xcassets in Resources */,
				E2992F832E91DDFE00E86606 /* GoogleService-Info.plist in Resources */,
			);
			runOnlyForDeploymentPostprocessing = 0;
		};
/* End PBXResourcesBuildPhase section */

/* Begin PBXSourcesBuildPhase section */
		DEF3CADE2B61BB9200C926ED /* Sources */ = {
			isa = PBXSourcesBuildPhase;
			buildActionMask = 2147483647;
			files = (
				E27223DE2BF9C2FE0065089A /* Expense.swift in Sources */,
				DE9AF9B52BA2C4AF00D1F4DC /* PieChartView.swift in Sources */,
				E253C8F02C4C74D100739FAD /* ExpenseView.swift in Sources */,
				DE9AF9312B7851F700D1F4DC /* UploadFormView.swift in Sources */,
				DEF8FE192B6B976E00D10468 /* ExpenseFormView.swift in Sources */,
				E253C9112C61D5B100739FAD /* SignInView.swift in Sources */,
				E253C8F62C4C98EA00739FAD /* Constants.swift in Sources */,
				E284D4CC2C44FDC500F72684 /* DataManager.swift in Sources */,
				E284D4AC2C3CF42800F72684 /* TileView.swift in Sources */,
				E2F9559D2C46315E007D2E8E /* HeaderView.swift in Sources */,
				E284D49F2C28CA8900F72684 /* ChartView.swift in Sources */,
				DEF8FE172B6AE51D00D10468 /* Category.swift in Sources */,
				E253C8FB2C51E4DA00739FAD /* ExpenseSwipeActionsModifier.swift in Sources */,
				DEF3CAE82B61BB9300C926ED /* ContentView.swift in Sources */,
				E27223F12C1FF2300065089A /* ExpensesView.swift in Sources */,
				DEF3CAE62B61BB9300C926ED /* MulaApp.swift in Sources */,
				DEF8FE222B6B9E1000D10468 /* SummaryView.swift in Sources */,
				E253C9042C5B256700739FAD /* ExpenseAmountView.swift in Sources */,
				E253C9072C5DDDEC00739FAD /* SearchBarView.swift in Sources */,
				E284D4B22C3CF44700F72684 /* Bucket.swift in Sources */,
				DEF8FE1C2B6B989A00D10468 /* Extensions.swift in Sources */,
				E27223EF2C1FF14E0065089A /* Tab.swift in Sources */,
				E253C8F22C4C949B00739FAD /* RowView.swift in Sources */,
				E27223ED2C1EB5CC0065089A /* ProgressBar.swift in Sources */,
				E27223EB2C15136E0065089A /* Bank.swift in Sources */,
				E284D4A12C28CBCE00F72684 /* HomeView.swift in Sources */,
			);
			runOnlyForDeploymentPostprocessing = 0;
		};
/* End PBXSourcesBuildPhase section */

/* Begin XCBuildConfiguration section */
		DEF3CAEF2B61BB9500C926ED /* Debug */ = {
			isa = XCBuildConfiguration;
			buildSettings = {
				ALWAYS_SEARCH_USER_PATHS = NO;
				ASSETCATALOG_COMPILER_GENERATE_SWIFT_ASSET_SYMBOL_EXTENSIONS = YES;
				CLANG_ANALYZER_NONNULL = YES;
				CLANG_ANALYZER_NUMBER_OBJECT_CONVERSION = YES_AGGRESSIVE;
				CLANG_CXX_LANGUAGE_STANDARD = "gnu++20";
				CLANG_ENABLE_MODULES = YES;
				CLANG_ENABLE_OBJC_ARC = YES;
				CLANG_ENABLE_OBJC_WEAK = YES;
				CLANG_WARN_BLOCK_CAPTURE_AUTORELEASING = YES;
				CLANG_WARN_BOOL_CONVERSION = YES;
				CLANG_WARN_COMMA = YES;
				CLANG_WARN_CONSTANT_CONVERSION = YES;
				CLANG_WARN_DEPRECATED_OBJC_IMPLEMENTATIONS = YES;
				CLANG_WARN_DIRECT_OBJC_ISA_USAGE = YES_ERROR;
				CLANG_WARN_DOCUMENTATION_COMMENTS = YES;
				CLANG_WARN_EMPTY_BODY = YES;
				CLANG_WARN_ENUM_CONVERSION = YES;
				CLANG_WARN_INFINITE_RECURSION = YES;
				CLANG_WARN_INT_CONVERSION = YES;
				CLANG_WARN_NON_LITERAL_NULL_CONVERSION = YES;
				CLANG_WARN_OBJC_IMPLICIT_RETAIN_SELF = YES;
				CLANG_WARN_OBJC_LITERAL_CONVERSION = YES;
				CLANG_WARN_OBJC_ROOT_CLASS = YES_ERROR;
				CLANG_WARN_QUOTED_INCLUDE_IN_FRAMEWORK_HEADER = YES;
				CLANG_WARN_RANGE_LOOP_ANALYSIS = YES;
				CLANG_WARN_STRICT_PROTOTYPES = YES;
				CLANG_WARN_SUSPICIOUS_MOVE = YES;
				CLANG_WARN_UNGUARDED_AVAILABILITY = YES_AGGRESSIVE;
				CLANG_WARN_UNREACHABLE_CODE = YES;
				CLANG_WARN__DUPLICATE_METHOD_MATCH = YES;
				COPY_PHASE_STRIP = NO;
				DEBUG_INFORMATION_FORMAT = dwarf;
				ENABLE_STRICT_OBJC_MSGSEND = YES;
				ENABLE_TESTABILITY = YES;
				ENABLE_USER_SCRIPT_SANDBOXING = YES;
				GCC_C_LANGUAGE_STANDARD = gnu17;
				GCC_DYNAMIC_NO_PIC = NO;
				GCC_NO_COMMON_BLOCKS = YES;
				GCC_OPTIMIZATION_LEVEL = 0;
				GCC_PREPROCESSOR_DEFINITIONS = (
					"DEBUG=1",
					"$(inherited)",
				);
				GCC_WARN_64_TO_32_BIT_CONVERSION = YES;
				GCC_WARN_ABOUT_RETURN_TYPE = YES_ERROR;
				GCC_WARN_UNDECLARED_SELECTOR = YES;
				GCC_WARN_UNINITIALIZED_AUTOS = YES_AGGRESSIVE;
				GCC_WARN_UNUSED_FUNCTION = YES;
				GCC_WARN_UNUSED_VARIABLE = YES;
				LOCALIZATION_PREFERS_STRING_CATALOGS = YES;
				MACOSX_DEPLOYMENT_TARGET = 14.1;
				MTL_ENABLE_DEBUG_INFO = INCLUDE_SOURCE;
				MTL_FAST_MATH = YES;
				ONLY_ACTIVE_ARCH = YES;
				SDKROOT = macosx;
				SWIFT_ACTIVE_COMPILATION_CONDITIONS = "DEBUG $(inherited)";
				SWIFT_OPTIMIZATION_LEVEL = "-Onone";
			};
			name = Debug;
		};
		DEF3CAF02B61BB9500C926ED /* Release */ = {
			isa = XCBuildConfiguration;
			buildSettings = {
				ALWAYS_SEARCH_USER_PATHS = NO;
				ASSETCATALOG_COMPILER_GENERATE_SWIFT_ASSET_SYMBOL_EXTENSIONS = YES;
				CLANG_ANALYZER_NONNULL = YES;
				CLANG_ANALYZER_NUMBER_OBJECT_CONVERSION = YES_AGGRESSIVE;
				CLANG_CXX_LANGUAGE_STANDARD = "gnu++20";
				CLANG_ENABLE_MODULES = YES;
				CLANG_ENABLE_OBJC_ARC = YES;
				CLANG_ENABLE_OBJC_WEAK = YES;
				CLANG_WARN_BLOCK_CAPTURE_AUTORELEASING = YES;
				CLANG_WARN_BOOL_CONVERSION = YES;
				CLANG_WARN_COMMA = YES;
				CLANG_WARN_CONSTANT_CONVERSION = YES;
				CLANG_WARN_DEPRECATED_OBJC_IMPLEMENTATIONS = YES;
				CLANG_WARN_DIRECT_OBJC_ISA_USAGE = YES_ERROR;
				CLANG_WARN_DOCUMENTATION_COMMENTS = YES;
				CLANG_WARN_EMPTY_BODY = YES;
				CLANG_WARN_ENUM_CONVERSION = YES;
				CLANG_WARN_INFINITE_RECURSION = YES;
				CLANG_WARN_INT_CONVERSION = YES;
				CLANG_WARN_NON_LITERAL_NULL_CONVERSION = YES;
				CLANG_WARN_OBJC_IMPLICIT_RETAIN_SELF = YES;
				CLANG_WARN_OBJC_LITERAL_CONVERSION = YES;
				CLANG_WARN_OBJC_ROOT_CLASS = YES_ERROR;
				CLANG_WARN_QUOTED_INCLUDE_IN_FRAMEWORK_HEADER = YES;
				CLANG_WARN_RANGE_LOOP_ANALYSIS = YES;
				CLANG_WARN_STRICT_PROTOTYPES = YES;
				CLANG_WARN_SUSPICIOUS_MOVE = YES;
				CLANG_WARN_UNGUARDED_AVAILABILITY = YES_AGGRESSIVE;
				CLANG_WARN_UNREACHABLE_CODE = YES;
				CLANG_WARN__DUPLICATE_METHOD_MATCH = YES;
				COPY_PHASE_STRIP = NO;
				DEBUG_INFORMATION_FORMAT = "dwarf-with-dsym";
				ENABLE_NS_ASSERTIONS = NO;
				ENABLE_STRICT_OBJC_MSGSEND = YES;
				ENABLE_USER_SCRIPT_SANDBOXING = YES;
				GCC_C_LANGUAGE_STANDARD = gnu17;
				GCC_NO_COMMON_BLOCKS = YES;
				GCC_WARN_64_TO_32_BIT_CONVERSION = YES;
				GCC_WARN_ABOUT_RETURN_TYPE = YES_ERROR;
				GCC_WARN_UNDECLARED_SELECTOR = YES;
				GCC_WARN_UNINITIALIZED_AUTOS = YES_AGGRESSIVE;
				GCC_WARN_UNUSED_FUNCTION = YES;
				GCC_WARN_UNUSED_VARIABLE = YES;
				LOCALIZATION_PREFERS_STRING_CATALOGS = YES;
				MACOSX_DEPLOYMENT_TARGET = 14.1;
				MTL_ENABLE_DEBUG_INFO = NO;
				MTL_FAST_MATH = YES;
				SDKROOT = macosx;
				SWIFT_COMPILATION_MODE = wholemodule;
			};
			name = Release;
		};
		DEF3CAF22B61BB9500C926ED /* Debug */ = {
			isa = XCBuildConfiguration;
			buildSettings = {
				ASSETCATALOG_COMPILER_APPICON_NAME = AppIcon;
				ASSETCATALOG_COMPILER_GLOBAL_ACCENT_COLOR_NAME = AccentColor;
				CODE_SIGN_ENTITLEMENTS = Mula/Mula.entitlements;
				CODE_SIGN_STYLE = Automatic;
				COMBINE_HIDPI_IMAGES = YES;
				CURRENT_PROJECT_VERSION = 1;
				DEVELOPMENT_ASSET_PATHS = "\"Mula/Preview Content\"";
				DEVELOPMENT_TEAM = S85ULMGGX9;
				ENABLE_HARDENED_RUNTIME = YES;
				ENABLE_PREVIEWS = YES;
				GENERATE_INFOPLIST_FILE = YES;
				INFOPLIST_KEY_NSHumanReadableCopyright = "";
				LD_RUNPATH_SEARCH_PATHS = (
					"$(inherited)",
					"@executable_path/../Frameworks",
				);
				MACOSX_DEPLOYMENT_TARGET = 14.0;
				MARKETING_VERSION = 1.0;
				PRODUCT_BUNDLE_IDENTIFIER = com.kayapps.Mula;
				PRODUCT_NAME = "$(TARGET_NAME)";
				SUPPORTED_PLATFORMS = macosx;
				SUPPORTS_MACCATALYST = NO;
				SUPPORTS_MAC_DESIGNED_FOR_IPHONE_IPAD = NO;
				SWIFT_EMIT_LOC_STRINGS = YES;
				SWIFT_VERSION = 5.0;
			};
			name = Debug;
		};
		DEF3CAF32B61BB9500C926ED /* Release */ = {
			isa = XCBuildConfiguration;
			buildSettings = {
				ASSETCATALOG_COMPILER_APPICON_NAME = AppIcon;
				ASSETCATALOG_COMPILER_GLOBAL_ACCENT_COLOR_NAME = AccentColor;
				CODE_SIGN_ENTITLEMENTS = Mula/Mula.entitlements;
				CODE_SIGN_STYLE = Automatic;
				COMBINE_HIDPI_IMAGES = YES;
				CURRENT_PROJECT_VERSION = 1;
				DEVELOPMENT_ASSET_PATHS = "\"Mula/Preview Content\"";
				DEVELOPMENT_TEAM = S85ULMGGX9;
				ENABLE_HARDENED_RUNTIME = YES;
				ENABLE_PREVIEWS = YES;
				GENERATE_INFOPLIST_FILE = YES;
				INFOPLIST_KEY_NSHumanReadableCopyright = "";
				LD_RUNPATH_SEARCH_PATHS = (
					"$(inherited)",
					"@executable_path/../Frameworks",
				);
				MACOSX_DEPLOYMENT_TARGET = 14.0;
				MARKETING_VERSION = 1.0;
				PRODUCT_BUNDLE_IDENTIFIER = com.kayapps.Mula;
				PRODUCT_NAME = "$(TARGET_NAME)";
				SUPPORTED_PLATFORMS = macosx;
				SUPPORTS_MACCATALYST = NO;
				SUPPORTS_MAC_DESIGNED_FOR_IPHONE_IPAD = NO;
				SWIFT_EMIT_LOC_STRINGS = YES;
				SWIFT_VERSION = 5.0;
			};
			name = Release;
		};
/* End XCBuildConfiguration section */

/* Begin XCConfigurationList section */
		DEF3CADD2B61BB9200C926ED /* Build configuration list for PBXProject "Mula" */ = {
			isa = XCConfigurationList;
			buildConfigurations = (
				DEF3CAEF2B61BB9500C926ED /* Debug */,
				DEF3CAF02B61BB9500C926ED /* Release */,
			);
			defaultConfigurationIsVisible = 0;
			defaultConfigurationName = Release;
		};
		DEF3CAF12B61BB9500C926ED /* Build configuration list for PBXNativeTarget "Mula" */ = {
			isa = XCConfigurationList;
			buildConfigurations = (
				DEF3CAF22B61BB9500C926ED /* Debug */,
				DEF3CAF32B61BB9500C926ED /* Release */,
			);
			defaultConfigurationIsVisible = 0;
			defaultConfigurationName = Release;
		};
/* End XCConfigurationList section */

/* Begin XCRemoteSwiftPackageReference section */
		E284D4C22C44F49A00F72684 /* XCRemoteSwiftPackageReference "firebase-ios-sdk" */ = {
			isa = XCRemoteSwiftPackageReference;
			repositoryURL = "https://github.com/firebase/firebase-ios-sdk";
			requirement = {
				kind = upToNextMajorVersion;
				minimumVersion = 10.29.0;
			};
		};
/* End XCRemoteSwiftPackageReference section */

/* Begin XCSwiftPackageProductDependency section */
		E284D4C32C44F49A00F72684 /* FirebaseAuth */ = {
			isa = XCSwiftPackageProductDependency;
			package = E284D4C22C44F49A00F72684 /* XCRemoteSwiftPackageReference "firebase-ios-sdk" */;
			productName = FirebaseAuth;
		};
		E284D4C52C44F49A00F72684 /* FirebaseDatabaseSwift */ = {
			isa = XCSwiftPackageProductDependency;
			package = E284D4C22C44F49A00F72684 /* XCRemoteSwiftPackageReference "firebase-ios-sdk" */;
			productName = FirebaseDatabaseSwift;
		};
/* End XCSwiftPackageProductDependency section */
	};
	rootObject = DEF3CADA2B61BB9200C926ED /* Project object */;
}
